// !$*UTF8*$!
{
	archiveVersion = 1;
	classes = {
	};
	objectVersion = 50;
	objects = {

/* Begin PBXBuildFile section */
		C8CE164821C6F4AD00B79F02 /* AppDelegate.swift in Sources */ = {isa = PBXBuildFile; fileRef = C8CE164721C6F4AD00B79F02 /* AppDelegate.swift */; };
		C8CE164A21C6F4AD00B79F02 /* ViewController.swift in Sources */ = {isa = PBXBuildFile; fileRef = C8CE164921C6F4AD00B79F02 /* ViewController.swift */; };
		C8CE164D21C6F4AD00B79F02 /* Main.storyboard in Resources */ = {isa = PBXBuildFile; fileRef = C8CE164B21C6F4AD00B79F02 /* Main.storyboard */; };
		C8CE164F21C6F4AE00B79F02 /* Assets.xcassets in Resources */ = {isa = PBXBuildFile; fileRef = C8CE164E21C6F4AE00B79F02 /* Assets.xcassets */; };
		C8CE165221C6F4AE00B79F02 /* LaunchScreen.storyboard in Resources */ = {isa = PBXBuildFile; fileRef = C8CE165021C6F4AE00B79F02 /* LaunchScreen.storyboard */; };
		C8CE165D21C6F4AE00B79F02 /* iMarvelTests.swift in Sources */ = {isa = PBXBuildFile; fileRef = C8CE165C21C6F4AE00B79F02 /* iMarvelTests.swift */; };
		C8CE166B21C70D9B00B79F02 /* AllCharacters.json in Resources */ = {isa = PBXBuildFile; fileRef = C8CE166A21C70D9B00B79F02 /* AllCharacters.json */; };
		C8CE168021C70DE100B79F02 /* RequestManager.swift in Sources */ = {isa = PBXBuildFile; fileRef = C8CE166E21C70DE100B79F02 /* RequestManager.swift */; };
		C8CE168121C70DE100B79F02 /* HTTPCode.swift in Sources */ = {isa = PBXBuildFile; fileRef = C8CE166F21C70DE100B79F02 /* HTTPCode.swift */; };
		C8CE168221C70DE100B79F02 /* NetworkHeaders.swift in Sources */ = {isa = PBXBuildFile; fileRef = C8CE167021C70DE100B79F02 /* NetworkHeaders.swift */; };
		C8CE168321C70DE100B79F02 /* Result.swift in Sources */ = {isa = PBXBuildFile; fileRef = C8CE167121C70DE100B79F02 /* Result.swift */; };
		C8CE168421C70DE100B79F02 /* RequestProtocol.swift in Sources */ = {isa = PBXBuildFile; fileRef = C8CE167221C70DE100B79F02 /* RequestProtocol.swift */; };
		C8CE168521C70DE100B79F02 /* RequestErrors.swift in Sources */ = {isa = PBXBuildFile; fileRef = C8CE167421C70DE100B79F02 /* RequestErrors.swift */; };
		C8CE168621C70DE100B79F02 /* ResultError.swift in Sources */ = {isa = PBXBuildFile; fileRef = C8CE167521C70DE100B79F02 /* ResultError.swift */; };
		C8CE168721C70DE100B79F02 /* EndPoint.swift in Sources */ = {isa = PBXBuildFile; fileRef = C8CE167621C70DE100B79F02 /* EndPoint.swift */; };
		C8CE168821C70DE100B79F02 /* PollResponse.swift in Sources */ = {isa = PBXBuildFile; fileRef = C8CE167A21C70DE100B79F02 /* PollResponse.swift */; };
		C8CE168921C70DE100B79F02 /* CreateSessionResponse.swift in Sources */ = {isa = PBXBuildFile; fileRef = C8CE167C21C70DE100B79F02 /* CreateSessionResponse.swift */; };
		C8CE168A21C70DE100B79F02 /* CreateSessionParameterData.swift in Sources */ = {isa = PBXBuildFile; fileRef = C8CE167D21C70DE100B79F02 /* CreateSessionParameterData.swift */; };
		C8CE168B21C70DE100B79F02 /* SessionRequest.swift in Sources */ = {isa = PBXBuildFile; fileRef = C8CE167E21C70DE100B79F02 /* SessionRequest.swift */; };
		C8CE168C21C70DE100B79F02 /* PollRequest.swift in Sources */ = {isa = PBXBuildFile; fileRef = C8CE167F21C70DE100B79F02 /* PollRequest.swift */; };
/* End PBXBuildFile section */

/* Begin PBXContainerItemProxy section */
		C8CE165921C6F4AE00B79F02 /* PBXContainerItemProxy */ = {
			isa = PBXContainerItemProxy;
			containerPortal = C8CE163C21C6F4AD00B79F02 /* Project object */;
			proxyType = 1;
			remoteGlobalIDString = C8CE164321C6F4AD00B79F02;
			remoteInfo = iMarvel;
		};
/* End PBXContainerItemProxy section */

/* Begin PBXFileReference section */
		C8CE164421C6F4AD00B79F02 /* iMarvel.app */ = {isa = PBXFileReference; explicitFileType = wrapper.application; includeInIndex = 0; path = iMarvel.app; sourceTree = BUILT_PRODUCTS_DIR; };
		C8CE164721C6F4AD00B79F02 /* AppDelegate.swift */ = {isa = PBXFileReference; lastKnownFileType = sourcecode.swift; path = AppDelegate.swift; sourceTree = "<group>"; };
		C8CE164921C6F4AD00B79F02 /* ViewController.swift */ = {isa = PBXFileReference; lastKnownFileType = sourcecode.swift; path = ViewController.swift; sourceTree = "<group>"; };
		C8CE164C21C6F4AD00B79F02 /* Base */ = {isa = PBXFileReference; lastKnownFileType = file.storyboard; name = Base; path = Base.lproj/Main.storyboard; sourceTree = "<group>"; };
		C8CE164E21C6F4AE00B79F02 /* Assets.xcassets */ = {isa = PBXFileReference; lastKnownFileType = folder.assetcatalog; path = Assets.xcassets; sourceTree = "<group>"; };
		C8CE165121C6F4AE00B79F02 /* Base */ = {isa = PBXFileReference; lastKnownFileType = file.storyboard; name = Base; path = Base.lproj/LaunchScreen.storyboard; sourceTree = "<group>"; };
		C8CE165321C6F4AE00B79F02 /* Info.plist */ = {isa = PBXFileReference; lastKnownFileType = text.plist.xml; path = Info.plist; sourceTree = "<group>"; };
		C8CE165821C6F4AE00B79F02 /* iMarvelTests.xctest */ = {isa = PBXFileReference; explicitFileType = wrapper.cfbundle; includeInIndex = 0; path = iMarvelTests.xctest; sourceTree = BUILT_PRODUCTS_DIR; };
		C8CE165C21C6F4AE00B79F02 /* iMarvelTests.swift */ = {isa = PBXFileReference; lastKnownFileType = sourcecode.swift; path = iMarvelTests.swift; sourceTree = "<group>"; };
		C8CE165E21C6F4AE00B79F02 /* Info.plist */ = {isa = PBXFileReference; lastKnownFileType = text.plist.xml; path = Info.plist; sourceTree = "<group>"; };
		C8CE166A21C70D9B00B79F02 /* AllCharacters.json */ = {isa = PBXFileReference; fileEncoding = 4; lastKnownFileType = text.json; path = AllCharacters.json; sourceTree = "<group>"; };
		C8CE166E21C70DE100B79F02 /* RequestManager.swift */ = {isa = PBXFileReference; fileEncoding = 4; lastKnownFileType = sourcecode.swift; path = RequestManager.swift; sourceTree = "<group>"; };
		C8CE166F21C70DE100B79F02 /* HTTPCode.swift */ = {isa = PBXFileReference; fileEncoding = 4; lastKnownFileType = sourcecode.swift; path = HTTPCode.swift; sourceTree = "<group>"; };
		C8CE167021C70DE100B79F02 /* NetworkHeaders.swift */ = {isa = PBXFileReference; fileEncoding = 4; lastKnownFileType = sourcecode.swift; path = NetworkHeaders.swift; sourceTree = "<group>"; };
		C8CE167121C70DE100B79F02 /* Result.swift */ = {isa = PBXFileReference; fileEncoding = 4; lastKnownFileType = sourcecode.swift; path = Result.swift; sourceTree = "<group>"; };
		C8CE167221C70DE100B79F02 /* RequestProtocol.swift */ = {isa = PBXFileReference; fileEncoding = 4; lastKnownFileType = sourcecode.swift; path = RequestProtocol.swift; sourceTree = "<group>"; };
		C8CE167421C70DE100B79F02 /* RequestErrors.swift */ = {isa = PBXFileReference; fileEncoding = 4; lastKnownFileType = sourcecode.swift; path = RequestErrors.swift; sourceTree = "<group>"; };
		C8CE167521C70DE100B79F02 /* ResultError.swift */ = {isa = PBXFileReference; fileEncoding = 4; lastKnownFileType = sourcecode.swift; path = ResultError.swift; sourceTree = "<group>"; };
		C8CE167621C70DE100B79F02 /* EndPoint.swift */ = {isa = PBXFileReference; fileEncoding = 4; lastKnownFileType = sourcecode.swift; path = EndPoint.swift; sourceTree = "<group>"; };
		C8CE167A21C70DE100B79F02 /* PollResponse.swift */ = {isa = PBXFileReference; fileEncoding = 4; lastKnownFileType = sourcecode.swift; path = PollResponse.swift; sourceTree = "<group>"; };
		C8CE167C21C70DE100B79F02 /* CreateSessionResponse.swift */ = {isa = PBXFileReference; fileEncoding = 4; lastKnownFileType = sourcecode.swift; path = CreateSessionResponse.swift; sourceTree = "<group>"; };
		C8CE167D21C70DE100B79F02 /* CreateSessionParameterData.swift */ = {isa = PBXFileReference; fileEncoding = 4; lastKnownFileType = sourcecode.swift; path = CreateSessionParameterData.swift; sourceTree = "<group>"; };
		C8CE167E21C70DE100B79F02 /* SessionRequest.swift */ = {isa = PBXFileReference; fileEncoding = 4; lastKnownFileType = sourcecode.swift; path = SessionRequest.swift; sourceTree = "<group>"; };
		C8CE167F21C70DE100B79F02 /* PollRequest.swift */ = {isa = PBXFileReference; fileEncoding = 4; lastKnownFileType = sourcecode.swift; path = PollRequest.swift; sourceTree = "<group>"; };
/* End PBXFileReference section */

/* Begin PBXFrameworksBuildPhase section */
		C8CE164121C6F4AD00B79F02 /* Frameworks */ = {
			isa = PBXFrameworksBuildPhase;
			buildActionMask = 2147483647;
			files = (
			);
			runOnlyForDeploymentPostprocessing = 0;
		};
		C8CE165521C6F4AE00B79F02 /* Frameworks */ = {
			isa = PBXFrameworksBuildPhase;
			buildActionMask = 2147483647;
			files = (
			);
			runOnlyForDeploymentPostprocessing = 0;
		};
/* End PBXFrameworksBuildPhase section */

/* Begin PBXGroup section */
		C8CE163B21C6F4AD00B79F02 = {
			isa = PBXGroup;
			children = (
				C8CE164621C6F4AD00B79F02 /* iMarvel */,
				C8CE165B21C6F4AE00B79F02 /* iMarvelTests */,
				C8CE164521C6F4AD00B79F02 /* Products */,
			);
			sourceTree = "<group>";
		};
		C8CE164521C6F4AD00B79F02 /* Products */ = {
			isa = PBXGroup;
			children = (
				C8CE164421C6F4AD00B79F02 /* iMarvel.app */,
				C8CE165821C6F4AE00B79F02 /* iMarvelTests.xctest */,
			);
			name = Products;
			sourceTree = "<group>";
		};
		C8CE164621C6F4AD00B79F02 /* iMarvel */ = {
			isa = PBXGroup;
			children = (
				C8CE164721C6F4AD00B79F02 /* AppDelegate.swift */,
				C8CE164921C6F4AD00B79F02 /* ViewController.swift */,
				C8CE164B21C6F4AD00B79F02 /* Main.storyboard */,
				C8CE166C21C70DE100B79F02 /* Network */,
				C8CE166721C70D4000B79F02 /* Resources */,
				C8CE164E21C6F4AE00B79F02 /* Assets.xcassets */,
				C8CE165021C6F4AE00B79F02 /* LaunchScreen.storyboard */,
				C8CE165321C6F4AE00B79F02 /* Info.plist */,
			);
			path = iMarvel;
			sourceTree = "<group>";
		};
		C8CE165B21C6F4AE00B79F02 /* iMarvelTests */ = {
			isa = PBXGroup;
			children = (
				C8CE165C21C6F4AE00B79F02 /* iMarvelTests.swift */,
				C8CE165E21C6F4AE00B79F02 /* Info.plist */,
			);
			path = iMarvelTests;
			sourceTree = "<group>";
		};
		C8CE166721C70D4000B79F02 /* Resources */ = {
			isa = PBXGroup;
			children = (
				C8CE166821C70D4700B79F02 /* Simulated Response */,
			);
			path = Resources;
			sourceTree = "<group>";
		};
		C8CE166821C70D4700B79F02 /* Simulated Response */ = {
			isa = PBXGroup;
			children = (
				C8CE166921C70D5800B79F02 /* All Characters */,
			);
			path = "Simulated Response";
			sourceTree = "<group>";
		};
		C8CE166921C70D5800B79F02 /* All Characters */ = {
			isa = PBXGroup;
			children = (
				C8CE166A21C70D9B00B79F02 /* AllCharacters.json */,
			);
			path = "All Characters";
			sourceTree = "<group>";
		};
		C8CE166C21C70DE100B79F02 /* Network */ = {
			isa = PBXGroup;
			children = (
				C8CE166D21C70DE100B79F02 /* Common */,
				C8CE167721C70DE100B79F02 /* Request */,
			);
			path = Network;
			sourceTree = "<group>";
		};
		C8CE166D21C70DE100B79F02 /* Common */ = {
			isa = PBXGroup;
			children = (
				C8CE166E21C70DE100B79F02 /* RequestManager.swift */,
				C8CE166F21C70DE100B79F02 /* HTTPCode.swift */,
				C8CE167021C70DE100B79F02 /* NetworkHeaders.swift */,
				C8CE167121C70DE100B79F02 /* Result.swift */,
				C8CE167221C70DE100B79F02 /* RequestProtocol.swift */,
				C8CE167321C70DE100B79F02 /* Errors */,
				C8CE167621C70DE100B79F02 /* EndPoint.swift */,
			);
			path = Common;
			sourceTree = "<group>";
		};
		C8CE167321C70DE100B79F02 /* Errors */ = {
			isa = PBXGroup;
			children = (
				C8CE167421C70DE100B79F02 /* RequestErrors.swift */,
				C8CE167521C70DE100B79F02 /* ResultError.swift */,
			);
			path = Errors;
			sourceTree = "<group>";
		};
		C8CE167721C70DE100B79F02 /* Request */ = {
			isa = PBXGroup;
			children = (
				C8CE167821C70DE100B79F02 /* Data Models */,
				C8CE167E21C70DE100B79F02 /* SessionRequest.swift */,
				C8CE167F21C70DE100B79F02 /* PollRequest.swift */,
			);
			path = Request;
			sourceTree = "<group>";
		};
		C8CE167821C70DE100B79F02 /* Data Models */ = {
			isa = PBXGroup;
			children = (
				C8CE167921C70DE100B79F02 /* Poll */,
				C8CE167B21C70DE100B79F02 /* Session */,
			);
			path = "Data Models";
			sourceTree = "<group>";
		};
		C8CE167921C70DE100B79F02 /* Poll */ = {
			isa = PBXGroup;
			children = (
				C8CE167A21C70DE100B79F02 /* PollResponse.swift */,
			);
			path = Poll;
			sourceTree = "<group>";
		};
		C8CE167B21C70DE100B79F02 /* Session */ = {
			isa = PBXGroup;
			children = (
				C8CE167C21C70DE100B79F02 /* CreateSessionResponse.swift */,
				C8CE167D21C70DE100B79F02 /* CreateSessionParameterData.swift */,
			);
			path = Session;
			sourceTree = "<group>";
		};
/* End PBXGroup section */

/* Begin PBXNativeTarget section */
		C8CE164321C6F4AD00B79F02 /* iMarvel */ = {
			isa = PBXNativeTarget;
			buildConfigurationList = C8CE166121C6F4AE00B79F02 /* Build configuration list for PBXNativeTarget "iMarvel" */;
			buildPhases = (
				C8CE164021C6F4AD00B79F02 /* Sources */,
				C8CE164121C6F4AD00B79F02 /* Frameworks */,
				C8CE164221C6F4AD00B79F02 /* Resources */,
			);
			buildRules = (
			);
			dependencies = (
			);
			name = iMarvel;
			productName = iMarvel;
			productReference = C8CE164421C6F4AD00B79F02 /* iMarvel.app */;
			productType = "com.apple.product-type.application";
		};
		C8CE165721C6F4AE00B79F02 /* iMarvelTests */ = {
			isa = PBXNativeTarget;
			buildConfigurationList = C8CE166421C6F4AE00B79F02 /* Build configuration list for PBXNativeTarget "iMarvelTests" */;
			buildPhases = (
				C8CE165421C6F4AE00B79F02 /* Sources */,
				C8CE165521C6F4AE00B79F02 /* Frameworks */,
				C8CE165621C6F4AE00B79F02 /* Resources */,
			);
			buildRules = (
			);
			dependencies = (
				C8CE165A21C6F4AE00B79F02 /* PBXTargetDependency */,
			);
			name = iMarvelTests;
			productName = iMarvelTests;
			productReference = C8CE165821C6F4AE00B79F02 /* iMarvelTests.xctest */;
			productType = "com.apple.product-type.bundle.unit-test";
		};
/* End PBXNativeTarget section */

/* Begin PBXProject section */
		C8CE163C21C6F4AD00B79F02 /* Project object */ = {
			isa = PBXProject;
			attributes = {
				LastSwiftUpdateCheck = 1010;
				LastUpgradeCheck = 1010;
				ORGANIZATIONNAME = Wallapop;
				TargetAttributes = {
					C8CE164321C6F4AD00B79F02 = {
						CreatedOnToolsVersion = 10.1;
					};
					C8CE165721C6F4AE00B79F02 = {
						CreatedOnToolsVersion = 10.1;
						TestTargetID = C8CE164321C6F4AD00B79F02;
					};
				};
			};
			buildConfigurationList = C8CE163F21C6F4AD00B79F02 /* Build configuration list for PBXProject "iMarvel" */;
			compatibilityVersion = "Xcode 9.3";
			developmentRegion = en;
			hasScannedForEncodings = 0;
			knownRegions = (
				en,
				Base,
			);
			mainGroup = C8CE163B21C6F4AD00B79F02;
			productRefGroup = C8CE164521C6F4AD00B79F02 /* Products */;
			projectDirPath = "";
			projectRoot = "";
			targets = (
				C8CE164321C6F4AD00B79F02 /* iMarvel */,
				C8CE165721C6F4AE00B79F02 /* iMarvelTests */,
			);
		};
/* End PBXProject section */

/* Begin PBXResourcesBuildPhase section */
		C8CE164221C6F4AD00B79F02 /* Resources */ = {
			isa = PBXResourcesBuildPhase;
			buildActionMask = 2147483647;
			files = (
				C8CE165221C6F4AE00B79F02 /* LaunchScreen.storyboard in Resources */,
				C8CE164F21C6F4AE00B79F02 /* Assets.xcassets in Resources */,
				C8CE164D21C6F4AD00B79F02 /* Main.storyboard in Resources */,
				C8CE166B21C70D9B00B79F02 /* AllCharacters.json in Resources */,
			);
			runOnlyForDeploymentPostprocessing = 0;
		};
		C8CE165621C6F4AE00B79F02 /* Resources */ = {
			isa = PBXResourcesBuildPhase;
			buildActionMask = 2147483647;
			files = (
			);
			runOnlyForDeploymentPostprocessing = 0;
		};
/* End PBXResourcesBuildPhase section */

/* Begin PBXSourcesBuildPhase section */
		C8CE164021C6F4AD00B79F02 /* Sources */ = {
			isa = PBXSourcesBuildPhase;
			buildActionMask = 2147483647;
			files = (
				C8CE168321C70DE100B79F02 /* Result.swift in Sources */,
				C8CE168621C70DE100B79F02 /* ResultError.swift in Sources */,
				C8CE168721C70DE100B79F02 /* EndPoint.swift in Sources */,
				C8CE168C21C70DE100B79F02 /* PollRequest.swift in Sources */,
				C8CE168821C70DE100B79F02 /* PollResponse.swift in Sources */,
				C8CE168121C70DE100B79F02 /* HTTPCode.swift in Sources */,
				C8CE168921C70DE100B79F02 /* CreateSessionResponse.swift in Sources */,
				C8CE168021C70DE100B79F02 /* RequestManager.swift in Sources */,
				C8CE164A21C6F4AD00B79F02 /* ViewController.swift in Sources */,
				C8CE168B21C70DE100B79F02 /* SessionRequest.swift in Sources */,
				C8CE168A21C70DE100B79F02 /* CreateSessionParameterData.swift in Sources */,
				C8CE168521C70DE100B79F02 /* RequestErrors.swift in Sources */,
				C8CE168221C70DE100B79F02 /* NetworkHeaders.swift in Sources */,
				C8CE164821C6F4AD00B79F02 /* AppDelegate.swift in Sources */,
				C8CE168421C70DE100B79F02 /* RequestProtocol.swift in Sources */,
			);
			runOnlyForDeploymentPostprocessing = 0;
		};
		C8CE165421C6F4AE00B79F02 /* Sources */ = {
			isa = PBXSourcesBuildPhase;
			buildActionMask = 2147483647;
			files = (
				C8CE165D21C6F4AE00B79F02 /* iMarvelTests.swift in Sources */,
			);
			runOnlyForDeploymentPostprocessing = 0;
		};
/* End PBXSourcesBuildPhase section */

/* Begin PBXTargetDependency section */
		C8CE165A21C6F4AE00B79F02 /* PBXTargetDependency */ = {
			isa = PBXTargetDependency;
			target = C8CE164321C6F4AD00B79F02 /* iMarvel */;
			targetProxy = C8CE165921C6F4AE00B79F02 /* PBXContainerItemProxy */;
		};
/* End PBXTargetDependency section */

/* Begin PBXVariantGroup section */
		C8CE164B21C6F4AD00B79F02 /* Main.storyboard */ = {
			isa = PBXVariantGroup;
			children = (
				C8CE164C21C6F4AD00B79F02 /* Base */,
			);
			name = Main.storyboard;
			sourceTree = "<group>";
		};
		C8CE165021C6F4AE00B79F02 /* LaunchScreen.storyboard */ = {
			isa = PBXVariantGroup;
			children = (
				C8CE165121C6F4AE00B79F02 /* Base */,
			);
			name = LaunchScreen.storyboard;
			sourceTree = "<group>";
		};
/* End PBXVariantGroup section */

/* Begin XCBuildConfiguration section */
		C8CE165F21C6F4AE00B79F02 /* Debug */ = {
			isa = XCBuildConfiguration;
			buildSettings = {
				ALWAYS_SEARCH_USER_PATHS = NO;
				CLANG_ANALYZER_NONNULL = YES;
				CLANG_ANALYZER_NUMBER_OBJECT_CONVERSION = YES_AGGRESSIVE;
				CLANG_CXX_LANGUAGE_STANDARD = "gnu++14";
				CLANG_CXX_LIBRARY = "libc++";
				CLANG_ENABLE_MODULES = YES;
				CLANG_ENABLE_OBJC_ARC = YES;
				CLANG_ENABLE_OBJC_WEAK = YES;
				CLANG_WARN_BLOCK_CAPTURE_AUTORELEASING = YES;
				CLANG_WARN_BOOL_CONVERSION = YES;
				CLANG_WARN_COMMA = YES;
				CLANG_WARN_CONSTANT_CONVERSION = YES;
				CLANG_WARN_DEPRECATED_OBJC_IMPLEMENTATIONS = YES;
				CLANG_WARN_DIRECT_OBJC_ISA_USAGE = YES_ERROR;
				CLANG_WARN_DOCUMENTATION_COMMENTS = YES;
				CLANG_WARN_EMPTY_BODY = YES;
				CLANG_WARN_ENUM_CONVERSION = YES;
				CLANG_WARN_INFINITE_RECURSION = YES;
				CLANG_WARN_INT_CONVERSION = YES;
				CLANG_WARN_NON_LITERAL_NULL_CONVERSION = YES;
				CLANG_WARN_OBJC_IMPLICIT_RETAIN_SELF = YES;
				CLANG_WARN_OBJC_LITERAL_CONVERSION = YES;
				CLANG_WARN_OBJC_ROOT_CLASS = YES_ERROR;
				CLANG_WARN_RANGE_LOOP_ANALYSIS = YES;
				CLANG_WARN_STRICT_PROTOTYPES = YES;
				CLANG_WARN_SUSPICIOUS_MOVE = YES;
				CLANG_WARN_UNGUARDED_AVAILABILITY = YES_AGGRESSIVE;
				CLANG_WARN_UNREACHABLE_CODE = YES;
				CLANG_WARN__DUPLICATE_METHOD_MATCH = YES;
				CODE_SIGN_IDENTITY = "iPhone Developer";
				COPY_PHASE_STRIP = NO;
				DEBUG_INFORMATION_FORMAT = dwarf;
				ENABLE_STRICT_OBJC_MSGSEND = YES;
				ENABLE_TESTABILITY = YES;
				GCC_C_LANGUAGE_STANDARD = gnu11;
				GCC_DYNAMIC_NO_PIC = NO;
				GCC_NO_COMMON_BLOCKS = YES;
				GCC_OPTIMIZATION_LEVEL = 0;
				GCC_PREPROCESSOR_DEFINITIONS = (
					"DEBUG=1",
					"$(inherited)",
				);
				GCC_WARN_64_TO_32_BIT_CONVERSION = YES;
				GCC_WARN_ABOUT_RETURN_TYPE = YES_ERROR;
				GCC_WARN_UNDECLARED_SELECTOR = YES;
				GCC_WARN_UNINITIALIZED_AUTOS = YES_AGGRESSIVE;
				GCC_WARN_UNUSED_FUNCTION = YES;
				GCC_WARN_UNUSED_VARIABLE = YES;
				IPHONEOS_DEPLOYMENT_TARGET = 12.1;
				MTL_ENABLE_DEBUG_INFO = INCLUDE_SOURCE;
				MTL_FAST_MATH = YES;
				ONLY_ACTIVE_ARCH = YES;
				SDKROOT = iphoneos;
				SWIFT_ACTIVE_COMPILATION_CONDITIONS = DEBUG;
				SWIFT_OPTIMIZATION_LEVEL = "-Onone";
			};
			name = Debug;
		};
		C8CE166021C6F4AE00B79F02 /* Release */ = {
			isa = XCBuildConfiguration;
			buildSettings = {
				ALWAYS_SEARCH_USER_PATHS = NO;
				CLANG_ANALYZER_NONNULL = YES;
				CLANG_ANALYZER_NUMBER_OBJECT_CONVERSION = YES_AGGRESSIVE;
				CLANG_CXX_LANGUAGE_STANDARD = "gnu++14";
				CLANG_CXX_LIBRARY = "libc++";
				CLANG_ENABLE_MODULES = YES;
				CLANG_ENABLE_OBJC_ARC = YES;
				CLANG_ENABLE_OBJC_WEAK = YES;
				CLANG_WARN_BLOCK_CAPTURE_AUTORELEASING = YES;
				CLANG_WARN_BOOL_CONVERSION = YES;
				CLANG_WARN_COMMA = YES;
				CLANG_WARN_CONSTANT_CONVERSION = YES;
				CLANG_WARN_DEPRECATED_OBJC_IMPLEMENTATIONS = YES;
				CLANG_WARN_DIRECT_OBJC_ISA_USAGE = YES_ERROR;
				CLANG_WARN_DOCUMENTATION_COMMENTS = YES;
				CLANG_WARN_EMPTY_BODY = YES;
				CLANG_WARN_ENUM_CONVERSION = YES;
				CLANG_WARN_INFINITE_RECURSION = YES;
				CLANG_WARN_INT_CONVERSION = YES;
				CLANG_WARN_NON_LITERAL_NULL_CONVERSION = YES;
				CLANG_WARN_OBJC_IMPLICIT_RETAIN_SELF = YES;
				CLANG_WARN_OBJC_LITERAL_CONVERSION = YES;
				CLANG_WARN_OBJC_ROOT_CLASS = YES_ERROR;
				CLANG_WARN_RANGE_LOOP_ANALYSIS = YES;
				CLANG_WARN_STRICT_PROTOTYPES = YES;
				CLANG_WARN_SUSPICIOUS_MOVE = YES;
				CLANG_WARN_UNGUARDED_AVAILABILITY = YES_AGGRESSIVE;
				CLANG_WARN_UNREACHABLE_CODE = YES;
				CLANG_WARN__DUPLICATE_METHOD_MATCH = YES;
				CODE_SIGN_IDENTITY = "iPhone Developer";
				COPY_PHASE_STRIP = NO;
				DEBUG_INFORMATION_FORMAT = "dwarf-with-dsym";
				ENABLE_NS_ASSERTIONS = NO;
				ENABLE_STRICT_OBJC_MSGSEND = YES;
				GCC_C_LANGUAGE_STANDARD = gnu11;
				GCC_NO_COMMON_BLOCKS = YES;
				GCC_WARN_64_TO_32_BIT_CONVERSION = YES;
				GCC_WARN_ABOUT_RETURN_TYPE = YES_ERROR;
				GCC_WARN_UNDECLARED_SELECTOR = YES;
				GCC_WARN_UNINITIALIZED_AUTOS = YES_AGGRESSIVE;
				GCC_WARN_UNUSED_FUNCTION = YES;
				GCC_WARN_UNUSED_VARIABLE = YES;
				IPHONEOS_DEPLOYMENT_TARGET = 12.1;
				MTL_ENABLE_DEBUG_INFO = NO;
				MTL_FAST_MATH = YES;
				SDKROOT = iphoneos;
				SWIFT_COMPILATION_MODE = wholemodule;
				SWIFT_OPTIMIZATION_LEVEL = "-O";
				VALIDATE_PRODUCT = YES;
			};
			name = Release;
		};
		C8CE166221C6F4AE00B79F02 /* Debug */ = {
			isa = XCBuildConfiguration;
			buildSettings = {
				ASSETCATALOG_COMPILER_APPICON_NAME = AppIcon;
				CODE_SIGN_STYLE = Automatic;
				DEVELOPMENT_TEAM = 5753N2Y6RP;
				INFOPLIST_FILE = iMarvel/Info.plist;
				LD_RUNPATH_SEARCH_PATHS = (
					"$(inherited)",
					"@executable_path/Frameworks",
				);
				PRODUCT_BUNDLE_IDENTIFIER = com.wallapop.iMarvel;
				PRODUCT_NAME = "$(TARGET_NAME)";
				SWIFT_VERSION = 4.2;
				TARGETED_DEVICE_FAMILY = "1,2";
			};
			name = Debug;
		};
		C8CE166321C6F4AE00B79F02 /* Release */ = {
			isa = XCBuildConfiguration;
			buildSettings = {
				ASSETCATALOG_COMPILER_APPICON_NAME = AppIcon;
				CODE_SIGN_STYLE = Automatic;
				DEVELOPMENT_TEAM = 5753N2Y6RP;
				INFOPLIST_FILE = iMarvel/Info.plist;
				LD_RUNPATH_SEARCH_PATHS = (
					"$(inherited)",
					"@executable_path/Frameworks",
				);
				PRODUCT_BUNDLE_IDENTIFIER = com.wallapop.iMarvel;
				PRODUCT_NAME = "$(TARGET_NAME)";
				SWIFT_VERSION = 4.2;
				TARGETED_DEVICE_FAMILY = "1,2";
			};
			name = Release;
		};
		C8CE166521C6F4AE00B79F02 /* Debug */ = {
			isa = XCBuildConfiguration;
			buildSettings = {
				ALWAYS_EMBED_SWIFT_STANDARD_LIBRARIES = YES;
				BUNDLE_LOADER = "$(TEST_HOST)";
				CODE_SIGN_STYLE = Automatic;
				DEVELOPMENT_TEAM = 5753N2Y6RP;
				INFOPLIST_FILE = iMarvelTests/Info.plist;
				LD_RUNPATH_SEARCH_PATHS = (
					"$(inherited)",
					"@executable_path/Frameworks",
					"@loader_path/Frameworks",
				);
				PRODUCT_BUNDLE_IDENTIFIER = com.wallapop.iMarvelTests;
				PRODUCT_NAME = "$(TARGET_NAME)";
				SWIFT_VERSION = 4.2;
				TARGETED_DEVICE_FAMILY = "1,2";
				TEST_HOST = "$(BUILT_PRODUCTS_DIR)/iMarvel.app/iMarvel";
			};
			name = Debug;
		};
		C8CE166621C6F4AE00B79F02 /* Release */ = {
			isa = XCBuildConfiguration;
			buildSettings = {
				ALWAYS_EMBED_SWIFT_STANDARD_LIBRARIES = YES;
				BUNDLE_LOADER = "$(TEST_HOST)";
				CODE_SIGN_STYLE = Automatic;
				DEVELOPMENT_TEAM = 5753N2Y6RP;
				INFOPLIST_FILE = iMarvelTests/Info.plist;
				LD_RUNPATH_SEARCH_PATHS = (
					"$(inherited)",
					"@executable_path/Frameworks",
					"@loader_path/Frameworks",
				);
				PRODUCT_BUNDLE_IDENTIFIER = com.wallapop.iMarvelTests;
				PRODUCT_NAME = "$(TARGET_NAME)";
				SWIFT_VERSION = 4.2;
				TARGETED_DEVICE_FAMILY = "1,2";
				TEST_HOST = "$(BUILT_PRODUCTS_DIR)/iMarvel.app/iMarvel";
			};
			name = Release;
		};
/* End XCBuildConfiguration section */

/* Begin XCConfigurationList section */
		C8CE163F21C6F4AD00B79F02 /* Build configuration list for PBXProject "iMarvel" */ = {
			isa = XCConfigurationList;
			buildConfigurations = (
				C8CE165F21C6F4AE00B79F02 /* Debug */,
				C8CE166021C6F4AE00B79F02 /* Release */,
			);
			defaultConfigurationIsVisible = 0;
			defaultConfigurationName = Release;
		};
		C8CE166121C6F4AE00B79F02 /* Build configuration list for PBXNativeTarget "iMarvel" */ = {
			isa = XCConfigurationList;
			buildConfigurations = (
				C8CE166221C6F4AE00B79F02 /* Debug */,
				C8CE166321C6F4AE00B79F02 /* Release */,
			);
			defaultConfigurationIsVisible = 0;
			defaultConfigurationName = Release;
		};
		C8CE166421C6F4AE00B79F02 /* Build configuration list for PBXNativeTarget "iMarvelTests" */ = {
			isa = XCConfigurationList;
			buildConfigurations = (
				C8CE166521C6F4AE00B79F02 /* Debug */,
				C8CE166621C6F4AE00B79F02 /* Release */,
			);
			defaultConfigurationIsVisible = 0;
			defaultConfigurationName = Release;
		};
/* End XCConfigurationList section */
	};
	rootObject = C8CE163C21C6F4AD00B79F02 /* Project object */;
}
