// !$*UTF8*$!
{
	archiveVersion = 1;
	classes = {
	};
	objectVersion = 50;
	objects = {

/* Begin PBXBuildFile section */
		4C98D888D1A6360C7B720FC7 /* Pods_iMarvel.framework in Frameworks */ = {isa = PBXBuildFile; fileRef = DD8228C8959C34B2B4F2CA27 /* Pods_iMarvel.framework */; };
		72D23605F0EC09EDF24E4031 /* Pods_iMarvelTests.framework in Frameworks */ = {isa = PBXBuildFile; fileRef = B8CC5A4F36EDAC6DC58A9F90 /* Pods_iMarvelTests.framework */; };
		C8CE164821C6F4AD00B79F02 /* AppDelegate.swift in Sources */ = {isa = PBXBuildFile; fileRef = C8CE164721C6F4AD00B79F02 /* AppDelegate.swift */; };
		C8CE164F21C6F4AE00B79F02 /* Assets.xcassets in Resources */ = {isa = PBXBuildFile; fileRef = C8CE164E21C6F4AE00B79F02 /* Assets.xcassets */; };
		C8CE165221C6F4AE00B79F02 /* LaunchScreen.storyboard in Resources */ = {isa = PBXBuildFile; fileRef = C8CE165021C6F4AE00B79F02 /* LaunchScreen.storyboard */; };
		C8CE168021C70DE100B79F02 /* RequestManager.swift in Sources */ = {isa = PBXBuildFile; fileRef = C8CE166E21C70DE100B79F02 /* RequestManager.swift */; };
		C8CE168121C70DE100B79F02 /* HTTPCode.swift in Sources */ = {isa = PBXBuildFile; fileRef = C8CE166F21C70DE100B79F02 /* HTTPCode.swift */; };
		C8CE168221C70DE100B79F02 /* NetworkHeaders.swift in Sources */ = {isa = PBXBuildFile; fileRef = C8CE167021C70DE100B79F02 /* NetworkHeaders.swift */; };
		C8CE168321C70DE100B79F02 /* Result.swift in Sources */ = {isa = PBXBuildFile; fileRef = C8CE167121C70DE100B79F02 /* Result.swift */; };
		C8CE168421C70DE100B79F02 /* RequestProtocol.swift in Sources */ = {isa = PBXBuildFile; fileRef = C8CE167221C70DE100B79F02 /* RequestProtocol.swift */; };
		C8CE168521C70DE100B79F02 /* RequestErrors.swift in Sources */ = {isa = PBXBuildFile; fileRef = C8CE167421C70DE100B79F02 /* RequestErrors.swift */; };
		C8CE168621C70DE100B79F02 /* ResultError.swift in Sources */ = {isa = PBXBuildFile; fileRef = C8CE167521C70DE100B79F02 /* ResultError.swift */; };
		C8CE168721C70DE100B79F02 /* EndPoint.swift in Sources */ = {isa = PBXBuildFile; fileRef = C8CE167621C70DE100B79F02 /* EndPoint.swift */; };
		C8CE169221C70E3C00B79F02 /* Reachability.m in Sources */ = {isa = PBXBuildFile; fileRef = C8CE168F21C70E3C00B79F02 /* Reachability.m */; };
		C8CE169321C70E3C00B79F02 /* ReachabilityManager.swift in Sources */ = {isa = PBXBuildFile; fileRef = C8CE169021C70E3C00B79F02 /* ReachabilityManager.swift */; };
		C8CE169721C7109F00B79F02 /* CharactersResponse.swift in Sources */ = {isa = PBXBuildFile; fileRef = C8CE169621C7109F00B79F02 /* CharactersResponse.swift */; };
		C8CE169921C7117200B79F02 /* CharactersRequest.swift in Sources */ = {isa = PBXBuildFile; fileRef = C8CE169821C7117200B79F02 /* CharactersRequest.swift */; };
		C8CE169C21C712BD00B79F02 /* NetworkTests.swift in Sources */ = {isa = PBXBuildFile; fileRef = C8CE169B21C712BD00B79F02 /* NetworkTests.swift */; };
		C8CE16A021C71E7800B79F02 /* String.swift in Sources */ = {isa = PBXBuildFile; fileRef = C8CE169F21C71E7800B79F02 /* String.swift */; };
		C8CE16A321C7230A00B79F02 /* Data.swift in Sources */ = {isa = PBXBuildFile; fileRef = C8CE16A221C7230A00B79F02 /* Data.swift */; };
		C8CE16A621C7252E00B79F02 /* EncryptionTests.swift in Sources */ = {isa = PBXBuildFile; fileRef = C8CE16A521C7252E00B79F02 /* EncryptionTests.swift */; };
		C8CE16AC21C738C100B79F02 /* AllCharacters.json in Resources */ = {isa = PBXBuildFile; fileRef = C8CE16AB21C738C100B79F02 /* AllCharacters.json */; };
		C8CE16AF21C79B9700B79F02 /* CharactersListProtocols.swift in Sources */ = {isa = PBXBuildFile; fileRef = C8CE16AE21C79B9700B79F02 /* CharactersListProtocols.swift */; };
		C8CE16B221C79BD800B79F02 /* CharactersListViewController.swift in Sources */ = {isa = PBXBuildFile; fileRef = C8CE16B121C79BD800B79F02 /* CharactersListViewController.swift */; };
		C8CE16B421C79BEA00B79F02 /* CharactersListPresenter.swift in Sources */ = {isa = PBXBuildFile; fileRef = C8CE16B321C79BEA00B79F02 /* CharactersListPresenter.swift */; };
		C8CE16B621C79BF700B79F02 /* CharactersListInteractor.swift in Sources */ = {isa = PBXBuildFile; fileRef = C8CE16B521C79BF700B79F02 /* CharactersListInteractor.swift */; };
		C8CE16B821C79C0900B79F02 /* CharactersListRouter.swift in Sources */ = {isa = PBXBuildFile; fileRef = C8CE16B721C79C0900B79F02 /* CharactersListRouter.swift */; };
		C8CE16BA21C79FE600B79F02 /* CharactersListViewModel.swift in Sources */ = {isa = PBXBuildFile; fileRef = C8CE16B921C79FE600B79F02 /* CharactersListViewModel.swift */; };
		C8CE16BD21C7A1CF00B79F02 /* ImageManager.swift in Sources */ = {isa = PBXBuildFile; fileRef = C8CE16BC21C7A1CF00B79F02 /* ImageManager.swift */; };
		C8CE16C021C7A32000B79F02 /* ImageTests.swift in Sources */ = {isa = PBXBuildFile; fileRef = C8CE16BF21C7A32000B79F02 /* ImageTests.swift */; };
		C8CE16C721C7A69100B79F02 /* SuggestionsView.swift in Sources */ = {isa = PBXBuildFile; fileRef = C8CE16C621C7A69100B79F02 /* SuggestionsView.swift */; };
		C8CE16C921C7A6F200B79F02 /* SuggestionViewModel.swift in Sources */ = {isa = PBXBuildFile; fileRef = C8CE16C821C7A6F200B79F02 /* SuggestionViewModel.swift */; };
		C8CE16CB21C7A75E00B79F02 /* SuggestionTableViewCell.swift in Sources */ = {isa = PBXBuildFile; fileRef = C8CE16CA21C7A75E00B79F02 /* SuggestionTableViewCell.swift */; };
		C8CE16CD21C7A7C600B79F02 /* SuggestionsDatasource.swift in Sources */ = {isa = PBXBuildFile; fileRef = C8CE16CC21C7A7C600B79F02 /* SuggestionsDatasource.swift */; };
		C8CE16D121C7A90600B79F02 /* SearchSuggestion.swift in Sources */ = {isa = PBXBuildFile; fileRef = C8CE16D021C7A90600B79F02 /* SearchSuggestion.swift */; };
		C8CE16D421C7A9F500B79F02 /* UIView.swift in Sources */ = {isa = PBXBuildFile; fileRef = C8CE16D321C7A9F500B79F02 /* UIView.swift */; };
		C8CE16DE21C7AA5200B79F02 /* InterUI-Bold.ttf in Resources */ = {isa = PBXBuildFile; fileRef = C8CE16D621C7AA5200B79F02 /* InterUI-Bold.ttf */; };
		C8CE16DF21C7AA5200B79F02 /* InterUI-Black.ttf in Resources */ = {isa = PBXBuildFile; fileRef = C8CE16D721C7AA5200B79F02 /* InterUI-Black.ttf */; };
		C8CE16E021C7AA5200B79F02 /* InterUI-MediumItalic.ttf in Resources */ = {isa = PBXBuildFile; fileRef = C8CE16D821C7AA5200B79F02 /* InterUI-MediumItalic.ttf */; };
		C8CE16E121C7AA5200B79F02 /* InterUI-BlackItalic.ttf in Resources */ = {isa = PBXBuildFile; fileRef = C8CE16D921C7AA5200B79F02 /* InterUI-BlackItalic.ttf */; };
		C8CE16E221C7AA5200B79F02 /* InterUI-BoldItalic.ttf in Resources */ = {isa = PBXBuildFile; fileRef = C8CE16DA21C7AA5200B79F02 /* InterUI-BoldItalic.ttf */; };
		C8CE16E321C7AA5200B79F02 /* InterUI-Medium.ttf in Resources */ = {isa = PBXBuildFile; fileRef = C8CE16DB21C7AA5200B79F02 /* InterUI-Medium.ttf */; };
		C8CE16E421C7AA5200B79F02 /* InterUI-Regular.ttf in Resources */ = {isa = PBXBuildFile; fileRef = C8CE16DC21C7AA5200B79F02 /* InterUI-Regular.ttf */; };
		C8CE16E521C7AA5200B79F02 /* InterUI-Italic.ttf in Resources */ = {isa = PBXBuildFile; fileRef = C8CE16DD21C7AA5200B79F02 /* InterUI-Italic.ttf */; };
		C8CE16E821C7AA8600B79F02 /* UIFont.swift in Sources */ = {isa = PBXBuildFile; fileRef = C8CE16E721C7AA8600B79F02 /* UIFont.swift */; };
		C8CE16EA21C7AB2300B79F02 /* SearchView.swift in Sources */ = {isa = PBXBuildFile; fileRef = C8CE16E921C7AB2300B79F02 /* SearchView.swift */; };
		C8CE16EC21C7AB5A00B79F02 /* TotalResultsView.swift in Sources */ = {isa = PBXBuildFile; fileRef = C8CE16EB21C7AB5A00B79F02 /* TotalResultsView.swift */; };
		C8CE16EE21C7ABB100B79F02 /* CharactersListDataSource.swift in Sources */ = {isa = PBXBuildFile; fileRef = C8CE16ED21C7ABB100B79F02 /* CharactersListDataSource.swift */; };
		C8CE16F121C7ABFF00B79F02 /* CharactersListTableViewCell.swift in Sources */ = {isa = PBXBuildFile; fileRef = C8CE16F021C7ABFF00B79F02 /* CharactersListTableViewCell.swift */; };
		C8CE16F421C7B85E00B79F02 /* Utils.swift in Sources */ = {isa = PBXBuildFile; fileRef = C8CE16F321C7B85E00B79F02 /* Utils.swift */; };
		C8CE16F721C7BD6D00B79F02 /* UIEdgeInsets.swift in Sources */ = {isa = PBXBuildFile; fileRef = C8CE16F621C7BD6D00B79F02 /* UIEdgeInsets.swift */; };
		C8CE16FB21C7C5C400B79F02 /* CustomTitleView.swift in Sources */ = {isa = PBXBuildFile; fileRef = C8CE16FA21C7C5C400B79F02 /* CustomTitleView.swift */; };
		C8CE16FE21C7CDB800B79F02 /* BaseViewController.swift in Sources */ = {isa = PBXBuildFile; fileRef = C8CE16FD21C7CDB800B79F02 /* BaseViewController.swift */; };
		C8CE170021C7D68400B79F02 /* SearchSuggestionsManager.swift in Sources */ = {isa = PBXBuildFile; fileRef = C8CE16FF21C7D68400B79F02 /* SearchSuggestionsManager.swift */; };
		C8CE170321C82F3F00B79F02 /* CharacterDetailViewController.swift in Sources */ = {isa = PBXBuildFile; fileRef = C8CE170221C82F3F00B79F02 /* CharacterDetailViewController.swift */; };
		C8CE170521C82F6F00B79F02 /* CharacterDetailRouter.swift in Sources */ = {isa = PBXBuildFile; fileRef = C8CE170421C82F6F00B79F02 /* CharacterDetailRouter.swift */; };
		C8CE170821C8FF6E00B79F02 /* SuggestionsTest.swift in Sources */ = {isa = PBXBuildFile; fileRef = C8CE170721C8FF6E00B79F02 /* SuggestionsTest.swift */; };
		C8CE170B21C9025200B79F02 /* Date.swift in Sources */ = {isa = PBXBuildFile; fileRef = C8CE170A21C9025200B79F02 /* Date.swift */; };
		C8CE170E21C9028700B79F02 /* DateTests.swift in Sources */ = {isa = PBXBuildFile; fileRef = C8CE170D21C9028700B79F02 /* DateTests.swift */; };
		C8CE171021C9076D00B79F02 /* PublicationView.swift in Sources */ = {isa = PBXBuildFile; fileRef = C8CE170F21C9076D00B79F02 /* PublicationView.swift */; };
		C8CE171221C907A400B79F02 /* BubbleView.swift in Sources */ = {isa = PBXBuildFile; fileRef = C8CE171121C907A400B79F02 /* BubbleView.swift */; };
		C8CE171421C915BC00B79F02 /* CharacterDetailPresenter.swift in Sources */ = {isa = PBXBuildFile; fileRef = C8CE171321C915BC00B79F02 /* CharacterDetailPresenter.swift */; };
		C8CE171621C915C900B79F02 /* CharacterDetailInteractor.swift in Sources */ = {isa = PBXBuildFile; fileRef = C8CE171521C915C900B79F02 /* CharacterDetailInteractor.swift */; };
		C8CE171821C915DA00B79F02 /* CharacterDetailProtocols.swift in Sources */ = {isa = PBXBuildFile; fileRef = C8CE171721C915DA00B79F02 /* CharacterDetailProtocols.swift */; };
		C8CE171B21C91BE300B79F02 /* CharacterInformationView.swift in Sources */ = {isa = PBXBuildFile; fileRef = C8CE171A21C91BE300B79F02 /* CharacterInformationView.swift */; };
		C8CE171D21C9297E00B79F02 /* OptionsBarView.swift in Sources */ = {isa = PBXBuildFile; fileRef = C8CE171C21C9297E00B79F02 /* OptionsBarView.swift */; };
		C8CE175921C9735100B79F02 /* ComicsResponse.swift in Sources */ = {isa = PBXBuildFile; fileRef = C8CE175821C9735100B79F02 /* ComicsResponse.swift */; };
		C8CE175B21C9742500B79F02 /* ComicsRequest.swift in Sources */ = {isa = PBXBuildFile; fileRef = C8CE175A21C9742500B79F02 /* ComicsRequest.swift */; };
		C8CE176021C9783300B79F02 /* Comics.json in Resources */ = {isa = PBXBuildFile; fileRef = C8CE175F21C9783300B79F02 /* Comics.json */; };
		C8CE176321C97E6300B79F02 /* ComicViewModel.swift in Sources */ = {isa = PBXBuildFile; fileRef = C8CE176221C97E6300B79F02 /* ComicViewModel.swift */; };
		C8CE176621C983E500B79F02 /* ComicTableViewCell.swift in Sources */ = {isa = PBXBuildFile; fileRef = C8CE176521C983E500B79F02 /* ComicTableViewCell.swift */; };
		C8CE176821C9864F00B79F02 /* ComicsDataSource.swift in Sources */ = {isa = PBXBuildFile; fileRef = C8CE176721C9864F00B79F02 /* ComicsDataSource.swift */; };
/* End PBXBuildFile section */

/* Begin PBXContainerItemProxy section */
		C8CE165921C6F4AE00B79F02 /* PBXContainerItemProxy */ = {
			isa = PBXContainerItemProxy;
			containerPortal = C8CE163C21C6F4AD00B79F02 /* Project object */;
			proxyType = 1;
			remoteGlobalIDString = C8CE164321C6F4AD00B79F02;
			remoteInfo = iMarvel;
		};
/* End PBXContainerItemProxy section */

/* Begin PBXFileReference section */
		05E431E9CD39E79E2346B336 /* Pods-iMarvelTests.debug.xcconfig */ = {isa = PBXFileReference; includeInIndex = 1; lastKnownFileType = text.xcconfig; name = "Pods-iMarvelTests.debug.xcconfig"; path = "Pods/Target Support Files/Pods-iMarvelTests/Pods-iMarvelTests.debug.xcconfig"; sourceTree = "<group>"; };
		41E709F883BE81AE5F45C0EB /* Pods-iMarvel.release.xcconfig */ = {isa = PBXFileReference; includeInIndex = 1; lastKnownFileType = text.xcconfig; name = "Pods-iMarvel.release.xcconfig"; path = "Pods/Target Support Files/Pods-iMarvel/Pods-iMarvel.release.xcconfig"; sourceTree = "<group>"; };
		B8CC5A4F36EDAC6DC58A9F90 /* Pods_iMarvelTests.framework */ = {isa = PBXFileReference; explicitFileType = wrapper.framework; includeInIndex = 0; path = Pods_iMarvelTests.framework; sourceTree = BUILT_PRODUCTS_DIR; };
		C8CE164421C6F4AD00B79F02 /* iMarvel.app */ = {isa = PBXFileReference; explicitFileType = wrapper.application; includeInIndex = 0; path = iMarvel.app; sourceTree = BUILT_PRODUCTS_DIR; };
		C8CE164721C6F4AD00B79F02 /* AppDelegate.swift */ = {isa = PBXFileReference; lastKnownFileType = sourcecode.swift; path = AppDelegate.swift; sourceTree = "<group>"; };
		C8CE164E21C6F4AE00B79F02 /* Assets.xcassets */ = {isa = PBXFileReference; lastKnownFileType = folder.assetcatalog; path = Assets.xcassets; sourceTree = "<group>"; };
		C8CE165121C6F4AE00B79F02 /* Base */ = {isa = PBXFileReference; lastKnownFileType = file.storyboard; name = Base; path = Base.lproj/LaunchScreen.storyboard; sourceTree = "<group>"; };
		C8CE165321C6F4AE00B79F02 /* Info.plist */ = {isa = PBXFileReference; lastKnownFileType = text.plist.xml; path = Info.plist; sourceTree = "<group>"; };
		C8CE165821C6F4AE00B79F02 /* iMarvelTests.xctest */ = {isa = PBXFileReference; explicitFileType = wrapper.cfbundle; includeInIndex = 0; path = iMarvelTests.xctest; sourceTree = BUILT_PRODUCTS_DIR; };
		C8CE165E21C6F4AE00B79F02 /* Info.plist */ = {isa = PBXFileReference; lastKnownFileType = text.plist.xml; path = Info.plist; sourceTree = "<group>"; };
		C8CE166E21C70DE100B79F02 /* RequestManager.swift */ = {isa = PBXFileReference; fileEncoding = 4; lastKnownFileType = sourcecode.swift; path = RequestManager.swift; sourceTree = "<group>"; };
		C8CE166F21C70DE100B79F02 /* HTTPCode.swift */ = {isa = PBXFileReference; fileEncoding = 4; lastKnownFileType = sourcecode.swift; path = HTTPCode.swift; sourceTree = "<group>"; };
		C8CE167021C70DE100B79F02 /* NetworkHeaders.swift */ = {isa = PBXFileReference; fileEncoding = 4; lastKnownFileType = sourcecode.swift; path = NetworkHeaders.swift; sourceTree = "<group>"; };
		C8CE167121C70DE100B79F02 /* Result.swift */ = {isa = PBXFileReference; fileEncoding = 4; lastKnownFileType = sourcecode.swift; path = Result.swift; sourceTree = "<group>"; };
		C8CE167221C70DE100B79F02 /* RequestProtocol.swift */ = {isa = PBXFileReference; fileEncoding = 4; lastKnownFileType = sourcecode.swift; path = RequestProtocol.swift; sourceTree = "<group>"; };
		C8CE167421C70DE100B79F02 /* RequestErrors.swift */ = {isa = PBXFileReference; fileEncoding = 4; lastKnownFileType = sourcecode.swift; path = RequestErrors.swift; sourceTree = "<group>"; };
		C8CE167521C70DE100B79F02 /* ResultError.swift */ = {isa = PBXFileReference; fileEncoding = 4; lastKnownFileType = sourcecode.swift; path = ResultError.swift; sourceTree = "<group>"; };
		C8CE167621C70DE100B79F02 /* EndPoint.swift */ = {isa = PBXFileReference; fileEncoding = 4; lastKnownFileType = sourcecode.swift; path = EndPoint.swift; sourceTree = "<group>"; };
		C8CE168F21C70E3C00B79F02 /* Reachability.m */ = {isa = PBXFileReference; fileEncoding = 4; lastKnownFileType = sourcecode.c.objc; path = Reachability.m; sourceTree = "<group>"; };
		C8CE169021C70E3C00B79F02 /* ReachabilityManager.swift */ = {isa = PBXFileReference; fileEncoding = 4; lastKnownFileType = sourcecode.swift; path = ReachabilityManager.swift; sourceTree = "<group>"; };
		C8CE169121C70E3C00B79F02 /* Reachability.h */ = {isa = PBXFileReference; fileEncoding = 4; lastKnownFileType = sourcecode.c.h; path = Reachability.h; sourceTree = "<group>"; };
		C8CE169421C70E8200B79F02 /* iMarvel-Bridging-Header.h */ = {isa = PBXFileReference; lastKnownFileType = sourcecode.c.h; path = "iMarvel-Bridging-Header.h"; sourceTree = "<group>"; };
		C8CE169621C7109F00B79F02 /* CharactersResponse.swift */ = {isa = PBXFileReference; lastKnownFileType = sourcecode.swift; path = CharactersResponse.swift; sourceTree = "<group>"; };
		C8CE169821C7117200B79F02 /* CharactersRequest.swift */ = {isa = PBXFileReference; lastKnownFileType = sourcecode.swift; path = CharactersRequest.swift; sourceTree = "<group>"; };
		C8CE169B21C712BD00B79F02 /* NetworkTests.swift */ = {isa = PBXFileReference; lastKnownFileType = sourcecode.swift; path = NetworkTests.swift; sourceTree = "<group>"; };
		C8CE169F21C71E7800B79F02 /* String.swift */ = {isa = PBXFileReference; lastKnownFileType = sourcecode.swift; path = String.swift; sourceTree = "<group>"; };
		C8CE16A221C7230A00B79F02 /* Data.swift */ = {isa = PBXFileReference; lastKnownFileType = sourcecode.swift; path = Data.swift; sourceTree = "<group>"; };
		C8CE16A521C7252E00B79F02 /* EncryptionTests.swift */ = {isa = PBXFileReference; lastKnownFileType = sourcecode.swift; path = EncryptionTests.swift; sourceTree = "<group>"; };
		C8CE16AB21C738C100B79F02 /* AllCharacters.json */ = {isa = PBXFileReference; fileEncoding = 4; lastKnownFileType = text.json; path = AllCharacters.json; sourceTree = "<group>"; };
		C8CE16AE21C79B9700B79F02 /* CharactersListProtocols.swift */ = {isa = PBXFileReference; lastKnownFileType = sourcecode.swift; path = CharactersListProtocols.swift; sourceTree = "<group>"; };
		C8CE16B121C79BD800B79F02 /* CharactersListViewController.swift */ = {isa = PBXFileReference; lastKnownFileType = sourcecode.swift; path = CharactersListViewController.swift; sourceTree = "<group>"; };
		C8CE16B321C79BEA00B79F02 /* CharactersListPresenter.swift */ = {isa = PBXFileReference; lastKnownFileType = sourcecode.swift; path = CharactersListPresenter.swift; sourceTree = "<group>"; };
		C8CE16B521C79BF700B79F02 /* CharactersListInteractor.swift */ = {isa = PBXFileReference; lastKnownFileType = sourcecode.swift; path = CharactersListInteractor.swift; sourceTree = "<group>"; };
		C8CE16B721C79C0900B79F02 /* CharactersListRouter.swift */ = {isa = PBXFileReference; lastKnownFileType = sourcecode.swift; path = CharactersListRouter.swift; sourceTree = "<group>"; };
		C8CE16B921C79FE600B79F02 /* CharactersListViewModel.swift */ = {isa = PBXFileReference; lastKnownFileType = sourcecode.swift; path = CharactersListViewModel.swift; sourceTree = "<group>"; };
		C8CE16BC21C7A1CF00B79F02 /* ImageManager.swift */ = {isa = PBXFileReference; lastKnownFileType = sourcecode.swift; path = ImageManager.swift; sourceTree = "<group>"; };
		C8CE16BF21C7A32000B79F02 /* ImageTests.swift */ = {isa = PBXFileReference; lastKnownFileType = sourcecode.swift; path = ImageTests.swift; sourceTree = "<group>"; };
		C8CE16C621C7A69100B79F02 /* SuggestionsView.swift */ = {isa = PBXFileReference; lastKnownFileType = sourcecode.swift; path = SuggestionsView.swift; sourceTree = "<group>"; };
		C8CE16C821C7A6F200B79F02 /* SuggestionViewModel.swift */ = {isa = PBXFileReference; lastKnownFileType = sourcecode.swift; path = SuggestionViewModel.swift; sourceTree = "<group>"; };
		C8CE16CA21C7A75E00B79F02 /* SuggestionTableViewCell.swift */ = {isa = PBXFileReference; lastKnownFileType = sourcecode.swift; path = SuggestionTableViewCell.swift; sourceTree = "<group>"; };
		C8CE16CC21C7A7C600B79F02 /* SuggestionsDatasource.swift */ = {isa = PBXFileReference; lastKnownFileType = sourcecode.swift; path = SuggestionsDatasource.swift; sourceTree = "<group>"; };
		C8CE16D021C7A90600B79F02 /* SearchSuggestion.swift */ = {isa = PBXFileReference; lastKnownFileType = sourcecode.swift; path = SearchSuggestion.swift; sourceTree = "<group>"; };
		C8CE16D321C7A9F500B79F02 /* UIView.swift */ = {isa = PBXFileReference; lastKnownFileType = sourcecode.swift; path = UIView.swift; sourceTree = "<group>"; };
		C8CE16D621C7AA5200B79F02 /* InterUI-Bold.ttf */ = {isa = PBXFileReference; lastKnownFileType = file; path = "InterUI-Bold.ttf"; sourceTree = "<group>"; };
		C8CE16D721C7AA5200B79F02 /* InterUI-Black.ttf */ = {isa = PBXFileReference; lastKnownFileType = file; path = "InterUI-Black.ttf"; sourceTree = "<group>"; };
		C8CE16D821C7AA5200B79F02 /* InterUI-MediumItalic.ttf */ = {isa = PBXFileReference; lastKnownFileType = file; path = "InterUI-MediumItalic.ttf"; sourceTree = "<group>"; };
		C8CE16D921C7AA5200B79F02 /* InterUI-BlackItalic.ttf */ = {isa = PBXFileReference; lastKnownFileType = file; path = "InterUI-BlackItalic.ttf"; sourceTree = "<group>"; };
		C8CE16DA21C7AA5200B79F02 /* InterUI-BoldItalic.ttf */ = {isa = PBXFileReference; lastKnownFileType = file; path = "InterUI-BoldItalic.ttf"; sourceTree = "<group>"; };
		C8CE16DB21C7AA5200B79F02 /* InterUI-Medium.ttf */ = {isa = PBXFileReference; lastKnownFileType = file; path = "InterUI-Medium.ttf"; sourceTree = "<group>"; };
		C8CE16DC21C7AA5200B79F02 /* InterUI-Regular.ttf */ = {isa = PBXFileReference; lastKnownFileType = file; path = "InterUI-Regular.ttf"; sourceTree = "<group>"; };
		C8CE16DD21C7AA5200B79F02 /* InterUI-Italic.ttf */ = {isa = PBXFileReference; lastKnownFileType = file; path = "InterUI-Italic.ttf"; sourceTree = "<group>"; };
		C8CE16E721C7AA8600B79F02 /* UIFont.swift */ = {isa = PBXFileReference; lastKnownFileType = sourcecode.swift; path = UIFont.swift; sourceTree = "<group>"; };
		C8CE16E921C7AB2300B79F02 /* SearchView.swift */ = {isa = PBXFileReference; lastKnownFileType = sourcecode.swift; path = SearchView.swift; sourceTree = "<group>"; };
		C8CE16EB21C7AB5A00B79F02 /* TotalResultsView.swift */ = {isa = PBXFileReference; lastKnownFileType = sourcecode.swift; path = TotalResultsView.swift; sourceTree = "<group>"; };
		C8CE16ED21C7ABB100B79F02 /* CharactersListDataSource.swift */ = {isa = PBXFileReference; lastKnownFileType = sourcecode.swift; path = CharactersListDataSource.swift; sourceTree = "<group>"; };
		C8CE16F021C7ABFF00B79F02 /* CharactersListTableViewCell.swift */ = {isa = PBXFileReference; lastKnownFileType = sourcecode.swift; path = CharactersListTableViewCell.swift; sourceTree = "<group>"; };
		C8CE16F321C7B85E00B79F02 /* Utils.swift */ = {isa = PBXFileReference; lastKnownFileType = sourcecode.swift; path = Utils.swift; sourceTree = "<group>"; };
		C8CE16F621C7BD6D00B79F02 /* UIEdgeInsets.swift */ = {isa = PBXFileReference; lastKnownFileType = sourcecode.swift; path = UIEdgeInsets.swift; sourceTree = "<group>"; };
		C8CE16FA21C7C5C400B79F02 /* CustomTitleView.swift */ = {isa = PBXFileReference; fileEncoding = 4; lastKnownFileType = sourcecode.swift; path = CustomTitleView.swift; sourceTree = "<group>"; };
		C8CE16FD21C7CDB800B79F02 /* BaseViewController.swift */ = {isa = PBXFileReference; lastKnownFileType = sourcecode.swift; path = BaseViewController.swift; sourceTree = "<group>"; };
		C8CE16FF21C7D68400B79F02 /* SearchSuggestionsManager.swift */ = {isa = PBXFileReference; lastKnownFileType = sourcecode.swift; path = SearchSuggestionsManager.swift; sourceTree = "<group>"; };
		C8CE170221C82F3F00B79F02 /* CharacterDetailViewController.swift */ = {isa = PBXFileReference; lastKnownFileType = sourcecode.swift; path = CharacterDetailViewController.swift; sourceTree = "<group>"; };
		C8CE170421C82F6F00B79F02 /* CharacterDetailRouter.swift */ = {isa = PBXFileReference; lastKnownFileType = sourcecode.swift; path = CharacterDetailRouter.swift; sourceTree = "<group>"; };
		C8CE170721C8FF6E00B79F02 /* SuggestionsTest.swift */ = {isa = PBXFileReference; lastKnownFileType = sourcecode.swift; path = SuggestionsTest.swift; sourceTree = "<group>"; };
		C8CE170A21C9025200B79F02 /* Date.swift */ = {isa = PBXFileReference; lastKnownFileType = sourcecode.swift; path = Date.swift; sourceTree = "<group>"; };
		C8CE170D21C9028700B79F02 /* DateTests.swift */ = {isa = PBXFileReference; lastKnownFileType = sourcecode.swift; path = DateTests.swift; sourceTree = "<group>"; };
		C8CE170F21C9076D00B79F02 /* PublicationView.swift */ = {isa = PBXFileReference; lastKnownFileType = sourcecode.swift; path = PublicationView.swift; sourceTree = "<group>"; };
		C8CE171121C907A400B79F02 /* BubbleView.swift */ = {isa = PBXFileReference; lastKnownFileType = sourcecode.swift; path = BubbleView.swift; sourceTree = "<group>"; };
		C8CE171321C915BC00B79F02 /* CharacterDetailPresenter.swift */ = {isa = PBXFileReference; lastKnownFileType = sourcecode.swift; path = CharacterDetailPresenter.swift; sourceTree = "<group>"; };
		C8CE171521C915C900B79F02 /* CharacterDetailInteractor.swift */ = {isa = PBXFileReference; lastKnownFileType = sourcecode.swift; path = CharacterDetailInteractor.swift; sourceTree = "<group>"; };
		C8CE171721C915DA00B79F02 /* CharacterDetailProtocols.swift */ = {isa = PBXFileReference; lastKnownFileType = sourcecode.swift; path = CharacterDetailProtocols.swift; sourceTree = "<group>"; };
		C8CE171A21C91BE300B79F02 /* CharacterInformationView.swift */ = {isa = PBXFileReference; lastKnownFileType = sourcecode.swift; path = CharacterInformationView.swift; sourceTree = "<group>"; };
		C8CE171C21C9297E00B79F02 /* OptionsBarView.swift */ = {isa = PBXFileReference; lastKnownFileType = sourcecode.swift; path = OptionsBarView.swift; sourceTree = "<group>"; };
		C8CE175821C9735100B79F02 /* ComicsResponse.swift */ = {isa = PBXFileReference; lastKnownFileType = sourcecode.swift; path = ComicsResponse.swift; sourceTree = "<group>"; };
		C8CE175A21C9742500B79F02 /* ComicsRequest.swift */ = {isa = PBXFileReference; lastKnownFileType = sourcecode.swift; path = ComicsRequest.swift; sourceTree = "<group>"; };
		C8CE175F21C9783300B79F02 /* Comics.json */ = {isa = PBXFileReference; fileEncoding = 4; lastKnownFileType = text.json; path = Comics.json; sourceTree = "<group>"; };
		C8CE176221C97E6300B79F02 /* ComicViewModel.swift */ = {isa = PBXFileReference; lastKnownFileType = sourcecode.swift; path = ComicViewModel.swift; sourceTree = "<group>"; };
		C8CE176521C983E500B79F02 /* ComicTableViewCell.swift */ = {isa = PBXFileReference; lastKnownFileType = sourcecode.swift; path = ComicTableViewCell.swift; sourceTree = "<group>"; };
		C8CE176721C9864F00B79F02 /* ComicsDataSource.swift */ = {isa = PBXFileReference; lastKnownFileType = sourcecode.swift; path = ComicsDataSource.swift; sourceTree = "<group>"; };
		C9BA96E73C001A2D3F7102E9 /* Pods-iMarvelTests.release.xcconfig */ = {isa = PBXFileReference; includeInIndex = 1; lastKnownFileType = text.xcconfig; name = "Pods-iMarvelTests.release.xcconfig"; path = "Pods/Target Support Files/Pods-iMarvelTests/Pods-iMarvelTests.release.xcconfig"; sourceTree = "<group>"; };
		D25C7D1A873D65D90EEC8E5B /* Pods-iMarvel.debug.xcconfig */ = {isa = PBXFileReference; includeInIndex = 1; lastKnownFileType = text.xcconfig; name = "Pods-iMarvel.debug.xcconfig"; path = "Pods/Target Support Files/Pods-iMarvel/Pods-iMarvel.debug.xcconfig"; sourceTree = "<group>"; };
		DD8228C8959C34B2B4F2CA27 /* Pods_iMarvel.framework */ = {isa = PBXFileReference; explicitFileType = wrapper.framework; includeInIndex = 0; path = Pods_iMarvel.framework; sourceTree = BUILT_PRODUCTS_DIR; };
/* End PBXFileReference section */

/* Begin PBXFrameworksBuildPhase section */
		C8CE164121C6F4AD00B79F02 /* Frameworks */ = {
			isa = PBXFrameworksBuildPhase;
			buildActionMask = 2147483647;
			files = (
				4C98D888D1A6360C7B720FC7 /* Pods_iMarvel.framework in Frameworks */,
			);
			runOnlyForDeploymentPostprocessing = 0;
		};
		C8CE165521C6F4AE00B79F02 /* Frameworks */ = {
			isa = PBXFrameworksBuildPhase;
			buildActionMask = 2147483647;
			files = (
				72D23605F0EC09EDF24E4031 /* Pods_iMarvelTests.framework in Frameworks */,
			);
			runOnlyForDeploymentPostprocessing = 0;
		};
/* End PBXFrameworksBuildPhase section */

/* Begin PBXGroup section */
		732A8D394E910DC5A6961DDC /* Frameworks */ = {
			isa = PBXGroup;
			children = (
				DD8228C8959C34B2B4F2CA27 /* Pods_iMarvel.framework */,
				B8CC5A4F36EDAC6DC58A9F90 /* Pods_iMarvelTests.framework */,
			);
			name = Frameworks;
			sourceTree = "<group>";
		};
		9DE09DCA77EF9E1D42CC79DA /* Pods */ = {
			isa = PBXGroup;
			children = (
				D25C7D1A873D65D90EEC8E5B /* Pods-iMarvel.debug.xcconfig */,
				41E709F883BE81AE5F45C0EB /* Pods-iMarvel.release.xcconfig */,
				05E431E9CD39E79E2346B336 /* Pods-iMarvelTests.debug.xcconfig */,
				C9BA96E73C001A2D3F7102E9 /* Pods-iMarvelTests.release.xcconfig */,
			);
			name = Pods;
			sourceTree = "<group>";
		};
		C8CE163B21C6F4AD00B79F02 = {
			isa = PBXGroup;
			children = (
				C8CE164621C6F4AD00B79F02 /* iMarvel */,
				C8CE165B21C6F4AE00B79F02 /* iMarvelTests */,
				C8CE164521C6F4AD00B79F02 /* Products */,
				9DE09DCA77EF9E1D42CC79DA /* Pods */,
				732A8D394E910DC5A6961DDC /* Frameworks */,
			);
			sourceTree = "<group>";
		};
		C8CE164521C6F4AD00B79F02 /* Products */ = {
			isa = PBXGroup;
			children = (
				C8CE164421C6F4AD00B79F02 /* iMarvel.app */,
				C8CE165821C6F4AE00B79F02 /* iMarvelTests.xctest */,
			);
			name = Products;
			sourceTree = "<group>";
		};
		C8CE164621C6F4AD00B79F02 /* iMarvel */ = {
			isa = PBXGroup;
			children = (
				C8CE16F221C7B85100B79F02 /* Utils */,
				C8CE169421C70E8200B79F02 /* iMarvel-Bridging-Header.h */,
				C8CE164721C6F4AD00B79F02 /* AppDelegate.swift */,
				C8CE16AD21C79B6600B79F02 /* Views */,
				C8CE169D21C71E6600B79F02 /* Extensions */,
				C8CE168D21C70E2400B79F02 /* Managers */,
				C8CE166C21C70DE100B79F02 /* Network */,
				C8CE166721C70D4000B79F02 /* Resources */,
				C8CE164E21C6F4AE00B79F02 /* Assets.xcassets */,
				C8CE165021C6F4AE00B79F02 /* LaunchScreen.storyboard */,
				C8CE165321C6F4AE00B79F02 /* Info.plist */,
			);
			path = iMarvel;
			sourceTree = "<group>";
		};
		C8CE165B21C6F4AE00B79F02 /* iMarvelTests */ = {
			isa = PBXGroup;
			children = (
				C8CE170C21C9027800B79F02 /* Date */,
				C8CE170621C8FF5600B79F02 /* Suggestions */,
				C8CE16BE21C7A30F00B79F02 /* Images */,
				C8CE16A421C7251500B79F02 /* Encryption */,
				C8CE169A21C712A300B79F02 /* Network */,
				C8CE165E21C6F4AE00B79F02 /* Info.plist */,
			);
			path = iMarvelTests;
			sourceTree = "<group>";
		};
		C8CE166721C70D4000B79F02 /* Resources */ = {
			isa = PBXGroup;
			children = (
				C8CE16D521C7AA5200B79F02 /* Fonts */,
				C8CE166821C70D4700B79F02 /* Simulated Response */,
			);
			path = Resources;
			sourceTree = "<group>";
		};
		C8CE166821C70D4700B79F02 /* Simulated Response */ = {
			isa = PBXGroup;
			children = (
				C8CE175C21C9778000B79F02 /* Comics */,
				C8CE166921C70D5800B79F02 /* All Characters */,
			);
			path = "Simulated Response";
			sourceTree = "<group>";
		};
		C8CE166921C70D5800B79F02 /* All Characters */ = {
			isa = PBXGroup;
			children = (
				C8CE16AB21C738C100B79F02 /* AllCharacters.json */,
			);
			path = "All Characters";
			sourceTree = "<group>";
		};
		C8CE166C21C70DE100B79F02 /* Network */ = {
			isa = PBXGroup;
			children = (
				C8CE166D21C70DE100B79F02 /* Common */,
				C8CE167721C70DE100B79F02 /* Request */,
			);
			path = Network;
			sourceTree = "<group>";
		};
		C8CE166D21C70DE100B79F02 /* Common */ = {
			isa = PBXGroup;
			children = (
				C8CE166E21C70DE100B79F02 /* RequestManager.swift */,
				C8CE166F21C70DE100B79F02 /* HTTPCode.swift */,
				C8CE167021C70DE100B79F02 /* NetworkHeaders.swift */,
				C8CE167121C70DE100B79F02 /* Result.swift */,
				C8CE167221C70DE100B79F02 /* RequestProtocol.swift */,
				C8CE167321C70DE100B79F02 /* Errors */,
				C8CE167621C70DE100B79F02 /* EndPoint.swift */,
			);
			path = Common;
			sourceTree = "<group>";
		};
		C8CE167321C70DE100B79F02 /* Errors */ = {
			isa = PBXGroup;
			children = (
				C8CE167421C70DE100B79F02 /* RequestErrors.swift */,
				C8CE167521C70DE100B79F02 /* ResultError.swift */,
			);
			path = Errors;
			sourceTree = "<group>";
		};
		C8CE167721C70DE100B79F02 /* Request */ = {
			isa = PBXGroup;
			children = (
				C8CE167821C70DE100B79F02 /* Data Models */,
				C8CE169821C7117200B79F02 /* CharactersRequest.swift */,
				C8CE175A21C9742500B79F02 /* ComicsRequest.swift */,
			);
			path = Request;
			sourceTree = "<group>";
		};
		C8CE167821C70DE100B79F02 /* Data Models */ = {
			isa = PBXGroup;
			children = (
				C8CE175721C9733300B79F02 /* Comics */,
				C8CE169521C7107A00B79F02 /* Characters */,
			);
			path = "Data Models";
			sourceTree = "<group>";
		};
		C8CE168D21C70E2400B79F02 /* Managers */ = {
			isa = PBXGroup;
			children = (
				C8CE16CE21C7A8E800B79F02 /* Search Suggestions */,
				C8CE16BB21C7A1C000B79F02 /* Image Manager */,
				C8CE168E21C70E3C00B79F02 /* Reachability Manager */,
			);
			path = Managers;
			sourceTree = "<group>";
		};
		C8CE168E21C70E3C00B79F02 /* Reachability Manager */ = {
			isa = PBXGroup;
			children = (
				C8CE169121C70E3C00B79F02 /* Reachability.h */,
				C8CE168F21C70E3C00B79F02 /* Reachability.m */,
				C8CE169021C70E3C00B79F02 /* ReachabilityManager.swift */,
			);
			path = "Reachability Manager";
			sourceTree = "<group>";
		};
		C8CE169521C7107A00B79F02 /* Characters */ = {
			isa = PBXGroup;
			children = (
				C8CE169621C7109F00B79F02 /* CharactersResponse.swift */,
			);
			path = Characters;
			sourceTree = "<group>";
		};
		C8CE169A21C712A300B79F02 /* Network */ = {
			isa = PBXGroup;
			children = (
				C8CE169B21C712BD00B79F02 /* NetworkTests.swift */,
			);
			path = Network;
			sourceTree = "<group>";
		};
		C8CE169D21C71E6600B79F02 /* Extensions */ = {
			isa = PBXGroup;
			children = (
				C8CE170921C9024400B79F02 /* Date */,
				C8CE16F521C7BD6300B79F02 /* UIEdgeInsets */,
				C8CE16E621C7AA7A00B79F02 /* UIFont */,
				C8CE16D221C7A9CE00B79F02 /* UIView */,
				C8CE16A121C722FF00B79F02 /* Data */,
				C8CE169E21C71E6D00B79F02 /* String */,
			);
			path = Extensions;
			sourceTree = "<group>";
		};
		C8CE169E21C71E6D00B79F02 /* String */ = {
			isa = PBXGroup;
			children = (
				C8CE169F21C71E7800B79F02 /* String.swift */,
			);
			path = String;
			sourceTree = "<group>";
		};
		C8CE16A121C722FF00B79F02 /* Data */ = {
			isa = PBXGroup;
			children = (
				C8CE16A221C7230A00B79F02 /* Data.swift */,
			);
			path = Data;
			sourceTree = "<group>";
		};
		C8CE16A421C7251500B79F02 /* Encryption */ = {
			isa = PBXGroup;
			children = (
				C8CE16A521C7252E00B79F02 /* EncryptionTests.swift */,
			);
			path = Encryption;
			sourceTree = "<group>";
		};
		C8CE16AD21C79B6600B79F02 /* Views */ = {
			isa = PBXGroup;
			children = (
				C8CE16FC21C7CDA500B79F02 /* Base */,
				C8CE16F821C7C5C400B79F02 /* Common */,
				C8CE16C121C7A63E00B79F02 /* Characters List */,
				C8CE170121C82F1E00B79F02 /* Character Detail */,
			);
			path = Views;
			sourceTree = "<group>";
		};
		C8CE16B021C79BC800B79F02 /* View Model */ = {
			isa = PBXGroup;
			children = (
				C8CE16B921C79FE600B79F02 /* CharactersListViewModel.swift */,
			);
			path = "View Model";
			sourceTree = "<group>";
		};
		C8CE16BB21C7A1C000B79F02 /* Image Manager */ = {
			isa = PBXGroup;
			children = (
				C8CE16BC21C7A1CF00B79F02 /* ImageManager.swift */,
			);
			path = "Image Manager";
			sourceTree = "<group>";
		};
		C8CE16BE21C7A30F00B79F02 /* Images */ = {
			isa = PBXGroup;
			children = (
				C8CE16BF21C7A32000B79F02 /* ImageTests.swift */,
			);
			path = Images;
			sourceTree = "<group>";
		};
		C8CE16C121C7A63E00B79F02 /* Characters List */ = {
			isa = PBXGroup;
			children = (
				C8CE16C221C7A65000B79F02 /* Views */,
				C8CE16EF21C7ABDD00B79F02 /* Cell */,
				C8CE16B021C79BC800B79F02 /* View Model */,
				C8CE16AE21C79B9700B79F02 /* CharactersListProtocols.swift */,
				C8CE16B121C79BD800B79F02 /* CharactersListViewController.swift */,
				C8CE16ED21C7ABB100B79F02 /* CharactersListDataSource.swift */,
				C8CE16B321C79BEA00B79F02 /* CharactersListPresenter.swift */,
				C8CE16B521C79BF700B79F02 /* CharactersListInteractor.swift */,
				C8CE16B721C79C0900B79F02 /* CharactersListRouter.swift */,
			);
			path = "Characters List";
			sourceTree = "<group>";
		};
		C8CE16C221C7A65000B79F02 /* Views */ = {
			isa = PBXGroup;
			children = (
				C8CE16C321C7A65C00B79F02 /* Suggestions */,
				C8CE16E921C7AB2300B79F02 /* SearchView.swift */,
				C8CE16EB21C7AB5A00B79F02 /* TotalResultsView.swift */,
				C8CE170F21C9076D00B79F02 /* PublicationView.swift */,
				C8CE171121C907A400B79F02 /* BubbleView.swift */,
			);
			path = Views;
			sourceTree = "<group>";
		};
		C8CE16C321C7A65C00B79F02 /* Suggestions */ = {
			isa = PBXGroup;
			children = (
				C8CE16C421C7A66B00B79F02 /* Cell */,
				C8CE16C521C7A67500B79F02 /* View Model */,
				C8CE16C621C7A69100B79F02 /* SuggestionsView.swift */,
				C8CE16CC21C7A7C600B79F02 /* SuggestionsDatasource.swift */,
			);
			path = Suggestions;
			sourceTree = "<group>";
		};
		C8CE16C421C7A66B00B79F02 /* Cell */ = {
			isa = PBXGroup;
			children = (
				C8CE16CA21C7A75E00B79F02 /* SuggestionTableViewCell.swift */,
			);
			path = Cell;
			sourceTree = "<group>";
		};
		C8CE16C521C7A67500B79F02 /* View Model */ = {
			isa = PBXGroup;
			children = (
				C8CE16C821C7A6F200B79F02 /* SuggestionViewModel.swift */,
			);
			path = "View Model";
			sourceTree = "<group>";
		};
		C8CE16CE21C7A8E800B79F02 /* Search Suggestions */ = {
			isa = PBXGroup;
			children = (
				C8CE16CF21C7A8F200B79F02 /* Data Models */,
				C8CE16FF21C7D68400B79F02 /* SearchSuggestionsManager.swift */,
			);
			path = "Search Suggestions";
			sourceTree = "<group>";
		};
		C8CE16CF21C7A8F200B79F02 /* Data Models */ = {
			isa = PBXGroup;
			children = (
				C8CE16D021C7A90600B79F02 /* SearchSuggestion.swift */,
			);
			path = "Data Models";
			sourceTree = "<group>";
		};
		C8CE16D221C7A9CE00B79F02 /* UIView */ = {
			isa = PBXGroup;
			children = (
				C8CE16D321C7A9F500B79F02 /* UIView.swift */,
			);
			path = UIView;
			sourceTree = "<group>";
		};
		C8CE16D521C7AA5200B79F02 /* Fonts */ = {
			isa = PBXGroup;
			children = (
				C8CE16D621C7AA5200B79F02 /* InterUI-Bold.ttf */,
				C8CE16D721C7AA5200B79F02 /* InterUI-Black.ttf */,
				C8CE16D821C7AA5200B79F02 /* InterUI-MediumItalic.ttf */,
				C8CE16D921C7AA5200B79F02 /* InterUI-BlackItalic.ttf */,
				C8CE16DA21C7AA5200B79F02 /* InterUI-BoldItalic.ttf */,
				C8CE16DB21C7AA5200B79F02 /* InterUI-Medium.ttf */,
				C8CE16DC21C7AA5200B79F02 /* InterUI-Regular.ttf */,
				C8CE16DD21C7AA5200B79F02 /* InterUI-Italic.ttf */,
			);
			path = Fonts;
			sourceTree = "<group>";
		};
		C8CE16E621C7AA7A00B79F02 /* UIFont */ = {
			isa = PBXGroup;
			children = (
				C8CE16E721C7AA8600B79F02 /* UIFont.swift */,
			);
			path = UIFont;
			sourceTree = "<group>";
		};
		C8CE16EF21C7ABDD00B79F02 /* Cell */ = {
			isa = PBXGroup;
			children = (
				C8CE16F021C7ABFF00B79F02 /* CharactersListTableViewCell.swift */,
			);
			path = Cell;
			sourceTree = "<group>";
		};
		C8CE16F221C7B85100B79F02 /* Utils */ = {
			isa = PBXGroup;
			children = (
				C8CE16F321C7B85E00B79F02 /* Utils.swift */,
			);
			path = Utils;
			sourceTree = "<group>";
		};
		C8CE16F521C7BD6300B79F02 /* UIEdgeInsets */ = {
			isa = PBXGroup;
			children = (
				C8CE16F621C7BD6D00B79F02 /* UIEdgeInsets.swift */,
			);
			path = UIEdgeInsets;
			sourceTree = "<group>";
		};
		C8CE16F821C7C5C400B79F02 /* Common */ = {
			isa = PBXGroup;
			children = (
				C8CE16F921C7C5C400B79F02 /* Custom Title View */,
			);
			path = Common;
			sourceTree = "<group>";
		};
		C8CE16F921C7C5C400B79F02 /* Custom Title View */ = {
			isa = PBXGroup;
			children = (
				C8CE16FA21C7C5C400B79F02 /* CustomTitleView.swift */,
			);
			path = "Custom Title View";
			sourceTree = "<group>";
		};
		C8CE16FC21C7CDA500B79F02 /* Base */ = {
			isa = PBXGroup;
			children = (
				C8CE16FD21C7CDB800B79F02 /* BaseViewController.swift */,
			);
			path = Base;
			sourceTree = "<group>";
		};
		C8CE170121C82F1E00B79F02 /* Character Detail */ = {
			isa = PBXGroup;
			children = (
				C8CE171921C91BD200B79F02 /* Views */,
				C8CE176421C983A600B79F02 /* Cell */,
				C8CE176121C97E4800B79F02 /* View Model */,
				C8CE171721C915DA00B79F02 /* CharacterDetailProtocols.swift */,
				C8CE170221C82F3F00B79F02 /* CharacterDetailViewController.swift */,
				C8CE176721C9864F00B79F02 /* ComicsDataSource.swift */,
				C8CE171321C915BC00B79F02 /* CharacterDetailPresenter.swift */,
				C8CE171521C915C900B79F02 /* CharacterDetailInteractor.swift */,
				C8CE170421C82F6F00B79F02 /* CharacterDetailRouter.swift */,
			);
			path = "Character Detail";
			sourceTree = "<group>";
		};
		C8CE170621C8FF5600B79F02 /* Suggestions */ = {
			isa = PBXGroup;
			children = (
				C8CE170721C8FF6E00B79F02 /* SuggestionsTest.swift */,
			);
			path = Suggestions;
			sourceTree = "<group>";
		};
		C8CE170921C9024400B79F02 /* Date */ = {
			isa = PBXGroup;
			children = (
				C8CE170A21C9025200B79F02 /* Date.swift */,
			);
			path = Date;
			sourceTree = "<group>";
		};
		C8CE170C21C9027800B79F02 /* Date */ = {
			isa = PBXGroup;
			children = (
				C8CE170D21C9028700B79F02 /* DateTests.swift */,
			);
			path = Date;
			sourceTree = "<group>";
		};
		C8CE171921C91BD200B79F02 /* Views */ = {
			isa = PBXGroup;
			children = (
				C8CE171A21C91BE300B79F02 /* CharacterInformationView.swift */,
				C8CE171C21C9297E00B79F02 /* OptionsBarView.swift */,
			);
			path = Views;
			sourceTree = "<group>";
		};
		C8CE175721C9733300B79F02 /* Comics */ = {
			isa = PBXGroup;
			children = (
				C8CE175821C9735100B79F02 /* ComicsResponse.swift */,
			);
			path = Comics;
			sourceTree = "<group>";
		};
		C8CE175C21C9778000B79F02 /* Comics */ = {
			isa = PBXGroup;
			children = (
				C8CE175F21C9783300B79F02 /* Comics.json */,
			);
			path = Comics;
			sourceTree = "<group>";
		};
		C8CE176121C97E4800B79F02 /* View Model */ = {
			isa = PBXGroup;
			children = (
				C8CE176221C97E6300B79F02 /* ComicViewModel.swift */,
			);
			path = "View Model";
			sourceTree = "<group>";
		};
		C8CE176421C983A600B79F02 /* Cell */ = {
			isa = PBXGroup;
			children = (
				C8CE176521C983E500B79F02 /* ComicTableViewCell.swift */,
			);
			path = Cell;
			sourceTree = "<group>";
		};
/* End PBXGroup section */

/* Begin PBXNativeTarget section */
		C8CE164321C6F4AD00B79F02 /* iMarvel */ = {
			isa = PBXNativeTarget;
			buildConfigurationList = C8CE166121C6F4AE00B79F02 /* Build configuration list for PBXNativeTarget "iMarvel" */;
			buildPhases = (
				53D7A36988721222947FBCFA /* [CP] Check Pods Manifest.lock */,
				C8CE164021C6F4AD00B79F02 /* Sources */,
				C8CE164121C6F4AD00B79F02 /* Frameworks */,
				C8CE164221C6F4AD00B79F02 /* Resources */,
				F679A2F5B26D706A231BD7C7 /* [CP] Embed Pods Frameworks */,
			);
			buildRules = (
			);
			dependencies = (
			);
			name = iMarvel;
			productName = iMarvel;
			productReference = C8CE164421C6F4AD00B79F02 /* iMarvel.app */;
			productType = "com.apple.product-type.application";
		};
		C8CE165721C6F4AE00B79F02 /* iMarvelTests */ = {
			isa = PBXNativeTarget;
			buildConfigurationList = C8CE166421C6F4AE00B79F02 /* Build configuration list for PBXNativeTarget "iMarvelTests" */;
			buildPhases = (
				9C18F680E7252AF1B9B94804 /* [CP] Check Pods Manifest.lock */,
				C8CE165421C6F4AE00B79F02 /* Sources */,
				C8CE165521C6F4AE00B79F02 /* Frameworks */,
				C8CE165621C6F4AE00B79F02 /* Resources */,
				A50E267C05A47BB6A7E3DCB1 /* [CP] Embed Pods Frameworks */,
			);
			buildRules = (
			);
			dependencies = (
				C8CE165A21C6F4AE00B79F02 /* PBXTargetDependency */,
			);
			name = iMarvelTests;
			productName = iMarvelTests;
			productReference = C8CE165821C6F4AE00B79F02 /* iMarvelTests.xctest */;
			productType = "com.apple.product-type.bundle.unit-test";
		};
/* End PBXNativeTarget section */

/* Begin PBXProject section */
		C8CE163C21C6F4AD00B79F02 /* Project object */ = {
			isa = PBXProject;
			attributes = {
				LastSwiftUpdateCheck = 1010;
				LastUpgradeCheck = 1010;
				ORGANIZATIONNAME = Wallapop;
				TargetAttributes = {
					C8CE164321C6F4AD00B79F02 = {
						CreatedOnToolsVersion = 10.1;
					};
					C8CE165721C6F4AE00B79F02 = {
						CreatedOnToolsVersion = 10.1;
						TestTargetID = C8CE164321C6F4AD00B79F02;
					};
				};
			};
			buildConfigurationList = C8CE163F21C6F4AD00B79F02 /* Build configuration list for PBXProject "iMarvel" */;
			compatibilityVersion = "Xcode 9.3";
			developmentRegion = en;
			hasScannedForEncodings = 0;
			knownRegions = (
				en,
				Base,
			);
			mainGroup = C8CE163B21C6F4AD00B79F02;
			productRefGroup = C8CE164521C6F4AD00B79F02 /* Products */;
			projectDirPath = "";
			projectRoot = "";
			targets = (
				C8CE164321C6F4AD00B79F02 /* iMarvel */,
				C8CE165721C6F4AE00B79F02 /* iMarvelTests */,
			);
		};
/* End PBXProject section */

/* Begin PBXResourcesBuildPhase section */
		C8CE164221C6F4AD00B79F02 /* Resources */ = {
			isa = PBXResourcesBuildPhase;
			buildActionMask = 2147483647;
			files = (
				C8CE165221C6F4AE00B79F02 /* LaunchScreen.storyboard in Resources */,
				C8CE176021C9783300B79F02 /* Comics.json in Resources */,
				C8CE16E321C7AA5200B79F02 /* InterUI-Medium.ttf in Resources */,
				C8CE164F21C6F4AE00B79F02 /* Assets.xcassets in Resources */,
				C8CE16DE21C7AA5200B79F02 /* InterUI-Bold.ttf in Resources */,
				C8CE16E521C7AA5200B79F02 /* InterUI-Italic.ttf in Resources */,
				C8CE16AC21C738C100B79F02 /* AllCharacters.json in Resources */,
				C8CE16E121C7AA5200B79F02 /* InterUI-BlackItalic.ttf in Resources */,
				C8CE16E021C7AA5200B79F02 /* InterUI-MediumItalic.ttf in Resources */,
				C8CE16E221C7AA5200B79F02 /* InterUI-BoldItalic.ttf in Resources */,
				C8CE16E421C7AA5200B79F02 /* InterUI-Regular.ttf in Resources */,
				C8CE16DF21C7AA5200B79F02 /* InterUI-Black.ttf in Resources */,
			);
			runOnlyForDeploymentPostprocessing = 0;
		};
		C8CE165621C6F4AE00B79F02 /* Resources */ = {
			isa = PBXResourcesBuildPhase;
			buildActionMask = 2147483647;
			files = (
			);
			runOnlyForDeploymentPostprocessing = 0;
		};
/* End PBXResourcesBuildPhase section */

/* Begin PBXShellScriptBuildPhase section */
		53D7A36988721222947FBCFA /* [CP] Check Pods Manifest.lock */ = {
			isa = PBXShellScriptBuildPhase;
			buildActionMask = 2147483647;
			files = (
			);
			inputFileListPaths = (
			);
			inputPaths = (
				"${PODS_PODFILE_DIR_PATH}/Podfile.lock",
				"${PODS_ROOT}/Manifest.lock",
			);
			name = "[CP] Check Pods Manifest.lock";
			outputFileListPaths = (
			);
			outputPaths = (
				"$(DERIVED_FILE_DIR)/Pods-iMarvel-checkManifestLockResult.txt",
			);
			runOnlyForDeploymentPostprocessing = 0;
			shellPath = /bin/sh;
			shellScript = "diff \"${PODS_PODFILE_DIR_PATH}/Podfile.lock\" \"${PODS_ROOT}/Manifest.lock\" > /dev/null\nif [ $? != 0 ] ; then\n    # print error to STDERR\n    echo \"error: The sandbox is not in sync with the Podfile.lock. Run 'pod install' or update your CocoaPods installation.\" >&2\n    exit 1\nfi\n# This output is used by Xcode 'outputs' to avoid re-running this script phase.\necho \"SUCCESS\" > \"${SCRIPT_OUTPUT_FILE_0}\"\n";
			showEnvVarsInLog = 0;
		};
		9C18F680E7252AF1B9B94804 /* [CP] Check Pods Manifest.lock */ = {
			isa = PBXShellScriptBuildPhase;
			buildActionMask = 2147483647;
			files = (
			);
			inputFileListPaths = (
			);
			inputPaths = (
				"${PODS_PODFILE_DIR_PATH}/Podfile.lock",
				"${PODS_ROOT}/Manifest.lock",
			);
			name = "[CP] Check Pods Manifest.lock";
			outputFileListPaths = (
			);
			outputPaths = (
				"$(DERIVED_FILE_DIR)/Pods-iMarvelTests-checkManifestLockResult.txt",
			);
			runOnlyForDeploymentPostprocessing = 0;
			shellPath = /bin/sh;
			shellScript = "diff \"${PODS_PODFILE_DIR_PATH}/Podfile.lock\" \"${PODS_ROOT}/Manifest.lock\" > /dev/null\nif [ $? != 0 ] ; then\n    # print error to STDERR\n    echo \"error: The sandbox is not in sync with the Podfile.lock. Run 'pod install' or update your CocoaPods installation.\" >&2\n    exit 1\nfi\n# This output is used by Xcode 'outputs' to avoid re-running this script phase.\necho \"SUCCESS\" > \"${SCRIPT_OUTPUT_FILE_0}\"\n";
			showEnvVarsInLog = 0;
		};
		A50E267C05A47BB6A7E3DCB1 /* [CP] Embed Pods Frameworks */ = {
			isa = PBXShellScriptBuildPhase;
			buildActionMask = 2147483647;
			files = (
			);
			inputFileListPaths = (
			);
			inputPaths = (
				"${SRCROOT}/Pods/Target Support Files/Pods-iMarvelTests/Pods-iMarvelTests-frameworks.sh",
				"${BUILT_PRODUCTS_DIR}/Haneke/Haneke.framework",
				"${BUILT_PRODUCTS_DIR}/Realm/Realm.framework",
				"${BUILT_PRODUCTS_DIR}/RealmSwift/RealmSwift.framework",
				"${BUILT_PRODUCTS_DIR}/SVProgressHUD/SVProgressHUD.framework",
			);
			name = "[CP] Embed Pods Frameworks";
			outputFileListPaths = (
			);
			outputPaths = (
				"${TARGET_BUILD_DIR}/${FRAMEWORKS_FOLDER_PATH}/Haneke.framework",
				"${TARGET_BUILD_DIR}/${FRAMEWORKS_FOLDER_PATH}/Realm.framework",
				"${TARGET_BUILD_DIR}/${FRAMEWORKS_FOLDER_PATH}/RealmSwift.framework",
				"${TARGET_BUILD_DIR}/${FRAMEWORKS_FOLDER_PATH}/SVProgressHUD.framework",
			);
			runOnlyForDeploymentPostprocessing = 0;
			shellPath = /bin/sh;
			shellScript = "\"${SRCROOT}/Pods/Target Support Files/Pods-iMarvelTests/Pods-iMarvelTests-frameworks.sh\"\n";
			showEnvVarsInLog = 0;
		};
		F679A2F5B26D706A231BD7C7 /* [CP] Embed Pods Frameworks */ = {
			isa = PBXShellScriptBuildPhase;
			buildActionMask = 2147483647;
			files = (
			);
			inputFileListPaths = (
			);
			inputPaths = (
				"${SRCROOT}/Pods/Target Support Files/Pods-iMarvel/Pods-iMarvel-frameworks.sh",
				"${BUILT_PRODUCTS_DIR}/Haneke/Haneke.framework",
				"${BUILT_PRODUCTS_DIR}/Realm/Realm.framework",
				"${BUILT_PRODUCTS_DIR}/RealmSwift/RealmSwift.framework",
				"${BUILT_PRODUCTS_DIR}/SVProgressHUD/SVProgressHUD.framework",
			);
			name = "[CP] Embed Pods Frameworks";
			outputFileListPaths = (
			);
			outputPaths = (
				"${TARGET_BUILD_DIR}/${FRAMEWORKS_FOLDER_PATH}/Haneke.framework",
				"${TARGET_BUILD_DIR}/${FRAMEWORKS_FOLDER_PATH}/Realm.framework",
				"${TARGET_BUILD_DIR}/${FRAMEWORKS_FOLDER_PATH}/RealmSwift.framework",
				"${TARGET_BUILD_DIR}/${FRAMEWORKS_FOLDER_PATH}/SVProgressHUD.framework",
			);
			runOnlyForDeploymentPostprocessing = 0;
			shellPath = /bin/sh;
			shellScript = "\"${SRCROOT}/Pods/Target Support Files/Pods-iMarvel/Pods-iMarvel-frameworks.sh\"\n";
			showEnvVarsInLog = 0;
		};
/* End PBXShellScriptBuildPhase section */

/* Begin PBXSourcesBuildPhase section */
		C8CE164021C6F4AD00B79F02 /* Sources */ = {
			isa = PBXSourcesBuildPhase;
			buildActionMask = 2147483647;
			files = (
				C8CE16EE21C7ABB100B79F02 /* CharactersListDataSource.swift in Sources */,
				C8CE16F721C7BD6D00B79F02 /* UIEdgeInsets.swift in Sources */,
				C8CE168321C70DE100B79F02 /* Result.swift in Sources */,
				C8CE169321C70E3C00B79F02 /* ReachabilityManager.swift in Sources */,
				C8CE16CD21C7A7C600B79F02 /* SuggestionsDatasource.swift in Sources */,
				C8CE176621C983E500B79F02 /* ComicTableViewCell.swift in Sources */,
				C8CE16B221C79BD800B79F02 /* CharactersListViewController.swift in Sources */,
				C8CE171821C915DA00B79F02 /* CharacterDetailProtocols.swift in Sources */,
				C8CE16D121C7A90600B79F02 /* SearchSuggestion.swift in Sources */,
				C8CE171B21C91BE300B79F02 /* CharacterInformationView.swift in Sources */,
				C8CE168621C70DE100B79F02 /* ResultError.swift in Sources */,
				C8CE16B621C79BF700B79F02 /* CharactersListInteractor.swift in Sources */,
				C8CE168721C70DE100B79F02 /* EndPoint.swift in Sources */,
				C8CE16F421C7B85E00B79F02 /* Utils.swift in Sources */,
				C8CE16FE21C7CDB800B79F02 /* BaseViewController.swift in Sources */,
				C8CE168121C70DE100B79F02 /* HTTPCode.swift in Sources */,
				C8CE171421C915BC00B79F02 /* CharacterDetailPresenter.swift in Sources */,
				C8CE170B21C9025200B79F02 /* Date.swift in Sources */,
				C8CE16C721C7A69100B79F02 /* SuggestionsView.swift in Sources */,
				C8CE16EC21C7AB5A00B79F02 /* TotalResultsView.swift in Sources */,
				C8CE170521C82F6F00B79F02 /* CharacterDetailRouter.swift in Sources */,
				C8CE16EA21C7AB2300B79F02 /* SearchView.swift in Sources */,
				C8CE16F121C7ABFF00B79F02 /* CharactersListTableViewCell.swift in Sources */,
				C8CE16C921C7A6F200B79F02 /* SuggestionViewModel.swift in Sources */,
				C8CE168021C70DE100B79F02 /* RequestManager.swift in Sources */,
				C8CE176821C9864F00B79F02 /* ComicsDataSource.swift in Sources */,
				C8CE169721C7109F00B79F02 /* CharactersResponse.swift in Sources */,
				C8CE16BD21C7A1CF00B79F02 /* ImageManager.swift in Sources */,
				C8CE16BA21C79FE600B79F02 /* CharactersListViewModel.swift in Sources */,
				C8CE171D21C9297E00B79F02 /* OptionsBarView.swift in Sources */,
				C8CE169221C70E3C00B79F02 /* Reachability.m in Sources */,
				C8CE168521C70DE100B79F02 /* RequestErrors.swift in Sources */,
				C8CE16AF21C79B9700B79F02 /* CharactersListProtocols.swift in Sources */,
				C8CE171221C907A400B79F02 /* BubbleView.swift in Sources */,
				C8CE170021C7D68400B79F02 /* SearchSuggestionsManager.swift in Sources */,
				C8CE171621C915C900B79F02 /* CharacterDetailInteractor.swift in Sources */,
				C8CE16FB21C7C5C400B79F02 /* CustomTitleView.swift in Sources */,
				C8CE169921C7117200B79F02 /* CharactersRequest.swift in Sources */,
				C8CE175921C9735100B79F02 /* ComicsResponse.swift in Sources */,
				C8CE16CB21C7A75E00B79F02 /* SuggestionTableViewCell.swift in Sources */,
				C8CE168221C70DE100B79F02 /* NetworkHeaders.swift in Sources */,
				C8CE16B421C79BEA00B79F02 /* CharactersListPresenter.swift in Sources */,
				C8CE16A021C71E7800B79F02 /* String.swift in Sources */,
				C8CE16B821C79C0900B79F02 /* CharactersListRouter.swift in Sources */,
				C8CE171021C9076D00B79F02 /* PublicationView.swift in Sources */,
				C8CE175B21C9742500B79F02 /* ComicsRequest.swift in Sources */,
				C8CE16D421C7A9F500B79F02 /* UIView.swift in Sources */,
				C8CE170321C82F3F00B79F02 /* CharacterDetailViewController.swift in Sources */,
				C8CE16E821C7AA8600B79F02 /* UIFont.swift in Sources */,
				C8CE164821C6F4AD00B79F02 /* AppDelegate.swift in Sources */,
				C8CE176321C97E6300B79F02 /* ComicViewModel.swift in Sources */,
				C8CE168421C70DE100B79F02 /* RequestProtocol.swift in Sources */,
				C8CE16A321C7230A00B79F02 /* Data.swift in Sources */,
			);
			runOnlyForDeploymentPostprocessing = 0;
		};
		C8CE165421C6F4AE00B79F02 /* Sources */ = {
			isa = PBXSourcesBuildPhase;
			buildActionMask = 2147483647;
			files = (
				C8CE16A621C7252E00B79F02 /* EncryptionTests.swift in Sources */,
				C8CE170821C8FF6E00B79F02 /* SuggestionsTest.swift in Sources */,
				C8CE16C021C7A32000B79F02 /* ImageTests.swift in Sources */,
				C8CE169C21C712BD00B79F02 /* NetworkTests.swift in Sources */,
				C8CE170E21C9028700B79F02 /* DateTests.swift in Sources */,
			);
			runOnlyForDeploymentPostprocessing = 0;
		};
/* End PBXSourcesBuildPhase section */

/* Begin PBXTargetDependency section */
		C8CE165A21C6F4AE00B79F02 /* PBXTargetDependency */ = {
			isa = PBXTargetDependency;
			target = C8CE164321C6F4AD00B79F02 /* iMarvel */;
			targetProxy = C8CE165921C6F4AE00B79F02 /* PBXContainerItemProxy */;
		};
/* End PBXTargetDependency section */

/* Begin PBXVariantGroup section */
		C8CE165021C6F4AE00B79F02 /* LaunchScreen.storyboard */ = {
			isa = PBXVariantGroup;
			children = (
				C8CE165121C6F4AE00B79F02 /* Base */,
			);
			name = LaunchScreen.storyboard;
			sourceTree = "<group>";
		};
/* End PBXVariantGroup section */

/* Begin XCBuildConfiguration section */
		C8CE165F21C6F4AE00B79F02 /* Debug */ = {
			isa = XCBuildConfiguration;
			buildSettings = {
				ALWAYS_SEARCH_USER_PATHS = NO;
				CLANG_ANALYZER_NONNULL = YES;
				CLANG_ANALYZER_NUMBER_OBJECT_CONVERSION = YES_AGGRESSIVE;
				CLANG_CXX_LANGUAGE_STANDARD = "gnu++14";
				CLANG_CXX_LIBRARY = "libc++";
				CLANG_ENABLE_MODULES = YES;
				CLANG_ENABLE_OBJC_ARC = YES;
				CLANG_ENABLE_OBJC_WEAK = YES;
				CLANG_WARN_BLOCK_CAPTURE_AUTORELEASING = YES;
				CLANG_WARN_BOOL_CONVERSION = YES;
				CLANG_WARN_COMMA = YES;
				CLANG_WARN_CONSTANT_CONVERSION = YES;
				CLANG_WARN_DEPRECATED_OBJC_IMPLEMENTATIONS = YES;
				CLANG_WARN_DIRECT_OBJC_ISA_USAGE = YES_ERROR;
				CLANG_WARN_DOCUMENTATION_COMMENTS = YES;
				CLANG_WARN_EMPTY_BODY = YES;
				CLANG_WARN_ENUM_CONVERSION = YES;
				CLANG_WARN_INFINITE_RECURSION = YES;
				CLANG_WARN_INT_CONVERSION = YES;
				CLANG_WARN_NON_LITERAL_NULL_CONVERSION = YES;
				CLANG_WARN_OBJC_IMPLICIT_RETAIN_SELF = YES;
				CLANG_WARN_OBJC_LITERAL_CONVERSION = YES;
				CLANG_WARN_OBJC_ROOT_CLASS = YES_ERROR;
				CLANG_WARN_RANGE_LOOP_ANALYSIS = YES;
				CLANG_WARN_STRICT_PROTOTYPES = YES;
				CLANG_WARN_SUSPICIOUS_MOVE = YES;
				CLANG_WARN_UNGUARDED_AVAILABILITY = YES_AGGRESSIVE;
				CLANG_WARN_UNREACHABLE_CODE = YES;
				CLANG_WARN__DUPLICATE_METHOD_MATCH = YES;
				CODE_SIGN_IDENTITY = "iPhone Developer";
				COPY_PHASE_STRIP = NO;
				DEBUG_INFORMATION_FORMAT = dwarf;
				ENABLE_STRICT_OBJC_MSGSEND = YES;
				ENABLE_TESTABILITY = YES;
				GCC_C_LANGUAGE_STANDARD = gnu11;
				GCC_DYNAMIC_NO_PIC = NO;
				GCC_NO_COMMON_BLOCKS = YES;
				GCC_OPTIMIZATION_LEVEL = 0;
				GCC_PREPROCESSOR_DEFINITIONS = (
					"DEBUG=1",
					"$(inherited)",
				);
				GCC_WARN_64_TO_32_BIT_CONVERSION = YES;
				GCC_WARN_ABOUT_RETURN_TYPE = YES_ERROR;
				GCC_WARN_UNDECLARED_SELECTOR = YES;
				GCC_WARN_UNINITIALIZED_AUTOS = YES_AGGRESSIVE;
				GCC_WARN_UNUSED_FUNCTION = YES;
				GCC_WARN_UNUSED_VARIABLE = YES;
				IPHONEOS_DEPLOYMENT_TARGET = 12.1;
				MTL_ENABLE_DEBUG_INFO = INCLUDE_SOURCE;
				MTL_FAST_MATH = YES;
				ONLY_ACTIVE_ARCH = YES;
				SDKROOT = iphoneos;
				SWIFT_ACTIVE_COMPILATION_CONDITIONS = DEBUG;
				SWIFT_OPTIMIZATION_LEVEL = "-Onone";
			};
			name = Debug;
		};
		C8CE166021C6F4AE00B79F02 /* Release */ = {
			isa = XCBuildConfiguration;
			buildSettings = {
				ALWAYS_SEARCH_USER_PATHS = NO;
				CLANG_ANALYZER_NONNULL = YES;
				CLANG_ANALYZER_NUMBER_OBJECT_CONVERSION = YES_AGGRESSIVE;
				CLANG_CXX_LANGUAGE_STANDARD = "gnu++14";
				CLANG_CXX_LIBRARY = "libc++";
				CLANG_ENABLE_MODULES = YES;
				CLANG_ENABLE_OBJC_ARC = YES;
				CLANG_ENABLE_OBJC_WEAK = YES;
				CLANG_WARN_BLOCK_CAPTURE_AUTORELEASING = YES;
				CLANG_WARN_BOOL_CONVERSION = YES;
				CLANG_WARN_COMMA = YES;
				CLANG_WARN_CONSTANT_CONVERSION = YES;
				CLANG_WARN_DEPRECATED_OBJC_IMPLEMENTATIONS = YES;
				CLANG_WARN_DIRECT_OBJC_ISA_USAGE = YES_ERROR;
				CLANG_WARN_DOCUMENTATION_COMMENTS = YES;
				CLANG_WARN_EMPTY_BODY = YES;
				CLANG_WARN_ENUM_CONVERSION = YES;
				CLANG_WARN_INFINITE_RECURSION = YES;
				CLANG_WARN_INT_CONVERSION = YES;
				CLANG_WARN_NON_LITERAL_NULL_CONVERSION = YES;
				CLANG_WARN_OBJC_IMPLICIT_RETAIN_SELF = YES;
				CLANG_WARN_OBJC_LITERAL_CONVERSION = YES;
				CLANG_WARN_OBJC_ROOT_CLASS = YES_ERROR;
				CLANG_WARN_RANGE_LOOP_ANALYSIS = YES;
				CLANG_WARN_STRICT_PROTOTYPES = YES;
				CLANG_WARN_SUSPICIOUS_MOVE = YES;
				CLANG_WARN_UNGUARDED_AVAILABILITY = YES_AGGRESSIVE;
				CLANG_WARN_UNREACHABLE_CODE = YES;
				CLANG_WARN__DUPLICATE_METHOD_MATCH = YES;
				CODE_SIGN_IDENTITY = "iPhone Developer";
				COPY_PHASE_STRIP = NO;
				DEBUG_INFORMATION_FORMAT = "dwarf-with-dsym";
				ENABLE_NS_ASSERTIONS = NO;
				ENABLE_STRICT_OBJC_MSGSEND = YES;
				GCC_C_LANGUAGE_STANDARD = gnu11;
				GCC_NO_COMMON_BLOCKS = YES;
				GCC_WARN_64_TO_32_BIT_CONVERSION = YES;
				GCC_WARN_ABOUT_RETURN_TYPE = YES_ERROR;
				GCC_WARN_UNDECLARED_SELECTOR = YES;
				GCC_WARN_UNINITIALIZED_AUTOS = YES_AGGRESSIVE;
				GCC_WARN_UNUSED_FUNCTION = YES;
				GCC_WARN_UNUSED_VARIABLE = YES;
				IPHONEOS_DEPLOYMENT_TARGET = 12.1;
				MTL_ENABLE_DEBUG_INFO = NO;
				MTL_FAST_MATH = YES;
				SDKROOT = iphoneos;
				SWIFT_COMPILATION_MODE = wholemodule;
				SWIFT_OPTIMIZATION_LEVEL = "-O";
				VALIDATE_PRODUCT = YES;
			};
			name = Release;
		};
		C8CE166221C6F4AE00B79F02 /* Debug */ = {
			isa = XCBuildConfiguration;
			baseConfigurationReference = D25C7D1A873D65D90EEC8E5B /* Pods-iMarvel.debug.xcconfig */;
			buildSettings = {
				ASSETCATALOG_COMPILER_APPICON_NAME = AppIcon;
				CODE_SIGN_STYLE = Automatic;
				DEVELOPMENT_TEAM = 5753N2Y6RP;
				INFOPLIST_FILE = iMarvel/Info.plist;
				LD_RUNPATH_SEARCH_PATHS = (
					"$(inherited)",
					"@executable_path/Frameworks",
				);
				PRODUCT_BUNDLE_IDENTIFIER = com.wallapop.iMarvel;
				PRODUCT_NAME = "$(TARGET_NAME)";
				SWIFT_OBJC_BRIDGING_HEADER = "iMarvel/iMarvel-Bridging-Header.h";
				SWIFT_VERSION = 4.2;
				TARGETED_DEVICE_FAMILY = "1,2";
			};
			name = Debug;
		};
		C8CE166321C6F4AE00B79F02 /* Release */ = {
			isa = XCBuildConfiguration;
			baseConfigurationReference = 41E709F883BE81AE5F45C0EB /* Pods-iMarvel.release.xcconfig */;
			buildSettings = {
				ASSETCATALOG_COMPILER_APPICON_NAME = AppIcon;
				CODE_SIGN_STYLE = Automatic;
				DEVELOPMENT_TEAM = 5753N2Y6RP;
				INFOPLIST_FILE = iMarvel/Info.plist;
				LD_RUNPATH_SEARCH_PATHS = (
					"$(inherited)",
					"@executable_path/Frameworks",
				);
				PRODUCT_BUNDLE_IDENTIFIER = com.wallapop.iMarvel;
				PRODUCT_NAME = "$(TARGET_NAME)";
				SWIFT_OBJC_BRIDGING_HEADER = "iMarvel/iMarvel-Bridging-Header.h";
				SWIFT_VERSION = 4.2;
				TARGETED_DEVICE_FAMILY = "1,2";
			};
			name = Release;
		};
		C8CE166521C6F4AE00B79F02 /* Debug */ = {
			isa = XCBuildConfiguration;
			baseConfigurationReference = 05E431E9CD39E79E2346B336 /* Pods-iMarvelTests.debug.xcconfig */;
			buildSettings = {
				ALWAYS_EMBED_SWIFT_STANDARD_LIBRARIES = YES;
				BUNDLE_LOADER = "$(TEST_HOST)";
				CODE_SIGN_STYLE = Automatic;
				DEVELOPMENT_TEAM = 5753N2Y6RP;
				INFOPLIST_FILE = iMarvelTests/Info.plist;
				LD_RUNPATH_SEARCH_PATHS = (
					"$(inherited)",
					"@executable_path/Frameworks",
					"@loader_path/Frameworks",
				);
				PRODUCT_BUNDLE_IDENTIFIER = com.wallapop.iMarvelTests;
				PRODUCT_NAME = "$(TARGET_NAME)";
				SWIFT_OBJC_BRIDGING_HEADER = "iMarvel/iMarvel-Bridging-Header.h";
				SWIFT_VERSION = 4.2;
				TARGETED_DEVICE_FAMILY = "1,2";
				TEST_HOST = "$(BUILT_PRODUCTS_DIR)/iMarvel.app/iMarvel";
			};
			name = Debug;
		};
		C8CE166621C6F4AE00B79F02 /* Release */ = {
			isa = XCBuildConfiguration;
			baseConfigurationReference = C9BA96E73C001A2D3F7102E9 /* Pods-iMarvelTests.release.xcconfig */;
			buildSettings = {
				ALWAYS_EMBED_SWIFT_STANDARD_LIBRARIES = YES;
				BUNDLE_LOADER = "$(TEST_HOST)";
				CODE_SIGN_STYLE = Automatic;
				DEVELOPMENT_TEAM = 5753N2Y6RP;
				INFOPLIST_FILE = iMarvelTests/Info.plist;
				LD_RUNPATH_SEARCH_PATHS = (
					"$(inherited)",
					"@executable_path/Frameworks",
					"@loader_path/Frameworks",
				);
				PRODUCT_BUNDLE_IDENTIFIER = com.wallapop.iMarvelTests;
				PRODUCT_NAME = "$(TARGET_NAME)";
				SWIFT_OBJC_BRIDGING_HEADER = "iMarvel/iMarvel-Bridging-Header.h";
				SWIFT_VERSION = 4.2;
				TARGETED_DEVICE_FAMILY = "1,2";
				TEST_HOST = "$(BUILT_PRODUCTS_DIR)/iMarvel.app/iMarvel";
			};
			name = Release;
		};
/* End XCBuildConfiguration section */

/* Begin XCConfigurationList section */
		C8CE163F21C6F4AD00B79F02 /* Build configuration list for PBXProject "iMarvel" */ = {
			isa = XCConfigurationList;
			buildConfigurations = (
				C8CE165F21C6F4AE00B79F02 /* Debug */,
				C8CE166021C6F4AE00B79F02 /* Release */,
			);
			defaultConfigurationIsVisible = 0;
			defaultConfigurationName = Release;
		};
		C8CE166121C6F4AE00B79F02 /* Build configuration list for PBXNativeTarget "iMarvel" */ = {
			isa = XCConfigurationList;
			buildConfigurations = (
				C8CE166221C6F4AE00B79F02 /* Debug */,
				C8CE166321C6F4AE00B79F02 /* Release */,
			);
			defaultConfigurationIsVisible = 0;
			defaultConfigurationName = Release;
		};
		C8CE166421C6F4AE00B79F02 /* Build configuration list for PBXNativeTarget "iMarvelTests" */ = {
			isa = XCConfigurationList;
			buildConfigurations = (
				C8CE166521C6F4AE00B79F02 /* Debug */,
				C8CE166621C6F4AE00B79F02 /* Release */,
			);
			defaultConfigurationIsVisible = 0;
			defaultConfigurationName = Release;
		};
/* End XCConfigurationList section */
	};
	rootObject = C8CE163C21C6F4AD00B79F02 /* Project object */;
}
