PODS:
  - Haneke (1.0.2)
  - Realm (3.7.6):
    - Realm/Headers (= 3.7.6)
  - Realm/Headers (3.7.6)
  - RealmSwift (3.7.6):
    - Realm (= 3.7.6)
  - SVProgressHUD (2.2.5)

DEPENDENCIES:
  - Haneke (~> 1.0)
  - RealmSwift (~> 3.7.6)
  - SVProgressHUD (~> 2.2.5)

SPEC REPOS:
  https://github.com/cocoapods/specs.git:
    - Haneke
    - Realm
    - RealmSwift
    - SVProgressHUD

SPEC CHECKSUMS:
  Haneke: 01454a67322faa0dd9d81fc0f447885044e71521
  Realm: 9eaecad54712d6246d08ba34c10f354e4715d7d3
  RealmSwift: 1fe08b4ebaeeaacf17f9ba0343f7b25c9fc31fa6
  SVProgressHUD: 1428aafac632c1f86f62aa4243ec12008d7a51d6

PODFILE CHECKSUM: 303634aa947d51981fe1b4f21ae841fc1d844978

COCOAPODS: 1.5.3
